{
  "version": 4,
  "terraform_version": "1.14.3",
  "serial": 8,
  "lineage": "4e51d993-0e50-2a3e-be54-11fe77b65cb5",
  "outputs": {
    "cert_arn": {
      "value": "arn:aws:acm:us-east-1:336670698191:certificate/8e14f84c-7771-4d4e-bf61-d01d0b15a94e",
      "type": "string"
    },
    "connection_string_rds": {
      "value": "Server=my-mysql.c8d2sk44gz24.us-east-1.rds.amazonaws.com,1433;Database=SocialNetworkDb;User Id=sana;Password=7bKtHqfhlzNLM304WeK1;Encrypt=False;TrustServerCertificate=True;",
      "type": "string"
    },
    "ecr_endpoint": {
      "value": "336670698191.dkr.ecr.us-east-1.amazonaws.com",
      "type": "string"
    },
    "ecr_region": {
      "value": "us-east-1",
      "type": "string"
    },
    "ecr_url": {
      "value": "336670698191.dkr.ecr.us-east-1.amazonaws.com/diplom-ecr",
      "type": "string"
    },
    "eks_cluster_name": {
      "value": "priv-cluster-eks",
      "type": "string"
    },
    "eks_oidc": {
      "value": "https://oidc.eks.us-east-1.amazonaws.com/id/A8DA337D57626B0167744BF44A96F2B9",
      "type": "string"
    },
    "node_role_arn": {
      "value": "arn:aws:iam::336670698191:role/eks-node-role",
      "type": "string"
    },
    "private_subnets": {
      "value": [
        "subnet-08d4ae4ac25526fc0",
        "subnet-0dd5575dbb9fccf89"
      ],
      "type": [
        "tuple",
        [
          "string",
          "string"
        ]
      ]
    },
    "pub_sub_ids": {
      "value": [
        "subnet-0a00f2388cd2ecc76",
        "subnet-005d737db82900f42"
      ],
      "type": [
        "tuple",
        [
          "string",
          "string"
        ]
      ]
    },
    "rds_db_name": {
      "value": "",
      "type": "string"
    },
    "rds_endpoint": {
      "value": "my-mysql.c8d2sk44gz24.us-east-1.rds.amazonaws.com",
      "type": "string"
    },
    "rds_port": {
      "value": 1433,
      "type": "number"
    },
    "rds_username": {
      "value": "admin",
      "type": "string"
    },
    "tf_s3_arn": {
      "value": "cdn-buck-sana-556-ss",
      "type": "string"
    },
    "tf_s3_cdn_bucket": {
      "value": "s3-cdn-sana",
      "type": "string"
    },
    "tf_s3_info": {
      "value": "arn:aws:s3:::cdn-buck-sana-556-ss",
      "type": "string"
    },
    "tf_s3_name": {
      "value": "cdn-buck-sana-556-ss",
      "type": "string"
    },
    "vpc_id": {
      "value": "vpc-0e7ba37d6b435c7a4",
      "type": "string"
    }
  },
  "resources": [
    {
      "module": "module.bastion",
      "mode": "data",
      "type": "aws_ami",
      "name": "ubuntu",
      "provider": "provider[\"registry.terraform.io/hashicorp/aws\"]",
      "instances": [
        {
          "schema_version": 0,
          "attributes": {
            "allow_unsafe_filter": null,
            "architecture": "x86_64",
            "arn": "arn:aws:ec2:us-east-1::image/ami-04680790a315cd58d",
            "block_device_mappings": [
              {
                "device_name": "/dev/sda1",
                "ebs": {
                  "delete_on_termination": "true",
                  "encrypted": "false",
                  "iops": "0",
                  "snapshot_id": "snap-0b2c426db6335afae",
                  "throughput": "0",
                  "volume_initialization_rate": "0",
                  "volume_size": "8",
                  "volume_type": "gp2"
                },
                "no_device": "",
                "virtual_name": ""
              },
              {
                "device_name": "/dev/sdb",
                "ebs": {},
                "no_device": "",
                "virtual_name": "ephemeral0"
              },
              {
                "device_name": "/dev/sdc",
                "ebs": {},
                "no_device": "",
                "virtual_name": "ephemeral1"
              }
            ],
            "boot_mode": "uefi-preferred",
            "creation_date": "2026-02-18T06:50:21.000Z",
            "deprecation_time": "2028-02-18T06:50:21.000Z",
            "description": "Canonical, Ubuntu, 22.04, amd64 jammy image",
            "ena_support": true,
            "executable_users": null,
            "filter": [
              {
                "name": "name",
                "values": [
                  "ubuntu/images/hvm-ssd/ubuntu-jammy-22.04-amd64-server-*"
                ]
              },
              {
                "name": "virtualization-type",
                "values": [
                  "hvm"
                ]
              }
            ],
            "hypervisor": "xen",
            "id": "ami-04680790a315cd58d",
            "image_id": "ami-04680790a315cd58d",
            "image_location": "amazon/ubuntu/images/hvm-ssd/ubuntu-jammy-22.04-amd64-server-20260218",
            "image_owner_alias": "amazon",
            "image_type": "machine",
            "imds_support": "",
            "include_deprecated": false,
            "kernel_id": "",
            "last_launched_time": "",
            "most_recent": true,
            "name": "ubuntu/images/hvm-ssd/ubuntu-jammy-22.04-amd64-server-20260218",
            "name_regex": null,
            "owner_id": "099720109477",
            "owners": [
              "099720109477"
            ],
            "platform": "",
            "platform_details": "Linux/UNIX",
            "product_codes": [],
            "public": true,
            "ramdisk_id": "",
            "region": "us-east-1",
            "root_device_name": "/dev/sda1",
            "root_device_type": "ebs",
            "root_snapshot_id": "snap-0b2c426db6335afae",
            "sriov_net_support": "simple",
            "state": "available",
            "state_reason": {
              "code": "UNSET",
              "message": "UNSET"
            },
            "tags": {},
            "timeouts": null,
            "tpm_support": "",
            "uefi_data": null,
            "usage_operation": "RunInstances",
            "virtualization_type": "hvm"
          },
          "sensitive_attributes": [],
          "identity_schema_version": 0
        }
      ]
    },
    {
      "module": "module.bastion",
      "mode": "managed",
      "type": "aws_instance",
      "name": "bastion_host",
      "provider": "provider[\"registry.terraform.io/hashicorp/aws\"]",
      "instances": [
        {
          "schema_version": 2,
          "attributes": {
            "ami": "ami-04680790a315cd58d",
            "arn": "arn:aws:ec2:us-east-1:336670698191:instance/i-04f9397cd1a744260",
            "associate_public_ip_address": true,
            "availability_zone": "us-east-1a",
            "capacity_reservation_specification": [
              {
                "capacity_reservation_preference": "open",
                "capacity_reservation_target": []
              }
            ],
            "cpu_options": [
              {
                "amd_sev_snp": "",
                "core_count": 1,
                "nested_virtualization": "",
                "threads_per_core": 2
              }
            ],
            "credit_specification": [
              {
                "cpu_credits": "unlimited"
              }
            ],
            "disable_api_stop": false,
            "disable_api_termination": false,
            "ebs_block_device": [],
            "ebs_optimized": false,
            "enable_primary_ipv6": null,
            "enclave_options": [
              {
                "enabled": false
              }
            ],
            "ephemeral_block_device": [],
            "force_destroy": false,
            "get_password_data": false,
            "hibernation": false,
            "host_id": "",
            "host_resource_group_arn": null,
            "iam_instance_profile": "",
            "id": "i-04f9397cd1a744260",
            "instance_initiated_shutdown_behavior": "stop",
            "instance_lifecycle": "",
            "instance_market_options": [],
            "instance_state": "running",
            "instance_type": "t3.micro",
            "ipv6_address_count": 0,
            "ipv6_addresses": [],
            "key_name": "bastion-ssh-key",
            "launch_template": [],
            "maintenance_options": [
              {
                "auto_recovery": "default"
              }
            ],
            "metadata_options": [
              {
                "http_endpoint": "enabled",
                "http_protocol_ipv6": "disabled",
                "http_put_response_hop_limit": 1,
                "http_tokens": "optional",
                "instance_metadata_tags": "disabled"
              }
            ],
            "monitoring": false,
            "network_interface": [],
            "outpost_arn": "",
            "password_data": "",
            "placement_group": "",
            "placement_group_id": "",
            "placement_partition_number": 0,
            "primary_network_interface": [
              {
                "delete_on_termination": true,
                "network_interface_id": "eni-0d2c1c8af956e1a7c"
              }
            ],
            "primary_network_interface_id": "eni-0d2c1c8af956e1a7c",
            "private_dns": "ip-10-70-2-66.ec2.internal",
            "private_dns_name_options": [
              {
                "enable_resource_name_dns_a_record": false,
                "enable_resource_name_dns_aaaa_record": false,
                "hostname_type": "ip-name"
              }
            ],
            "private_ip": "10.70.2.66",
            "public_dns": "ec2-44-193-26-252.compute-1.amazonaws.com",
            "public_ip": "44.193.26.252",
            "region": "us-east-1",
            "root_block_device": [
              {
                "delete_on_termination": true,
                "device_name": "/dev/sda1",
                "encrypted": false,
                "iops": 100,
                "kms_key_id": "",
                "tags": {},
                "tags_all": {},
                "throughput": 0,
                "volume_id": "vol-03f340e99a6b506d5",
                "volume_size": 8,
                "volume_type": "gp2"
              }
            ],
            "secondary_network_interface": [],
            "secondary_private_ips": [],
            "security_groups": [],
            "source_dest_check": true,
            "spot_instance_request_id": "",
            "subnet_id": "subnet-0a00f2388cd2ecc76",
            "tags": {
              "name": "bastion-host-admin"
            },
            "tags_all": {
              "name": "bastion-host-admin"
            },
            "tenancy": "default",
            "timeouts": null,
            "user_data": null,
            "user_data_base64": null,
            "user_data_replace_on_change": false,
            "volume_tags": null,
            "vpc_security_group_ids": [
              "sg-0f069072f5451abbf"
            ]
          },
          "sensitive_attributes": [],
          "identity_schema_version": 0,
          "identity": {
            "account_id": "336670698191",
            "id": "i-04f9397cd1a744260",
            "region": "us-east-1"
          },
          "private": "eyJlMmJmYjczMC1lY2FhLTExZTYtOGY4OC0zNDM2M2JjN2M0YzAiOnsiY3JlYXRlIjo2MDAwMDAwMDAwMDAsImRlbGV0ZSI6MTIwMDAwMDAwMDAwMCwicmVhZCI6OTAwMDAwMDAwMDAwLCJ1cGRhdGUiOjYwMDAwMDAwMDAwMH0sInNjaGVtYV92ZXJzaW9uIjoiMiJ9",
          "dependencies": [
            "module.bastion.aws_key_pair.my_ssh_key",
            "module.bastion.aws_security_group.bastion_sg",
            "module.bastion.data.aws_ami.ubuntu",
            "module.network.aws_subnet.priv_sub",
            "module.network.aws_subnet.pub_sub",
            "module.network.aws_vpc.vpc_data_panel"
          ]
        }
      ]
    },
    {
      "module": "module.bastion",
      "mode": "managed",
      "type": "aws_key_pair",
      "name": "my_ssh_key",
      "provider": "provider[\"registry.terraform.io/hashicorp/aws\"]",
      "instances": [
        {
          "schema_version": 1,
          "attributes": {
            "arn": "arn:aws:ec2:us-east-1:336670698191:key-pair/bastion-ssh-key",
            "fingerprint": "c8:35:12:d9:d8:05:43:65:20:f0:45:e1:37:84:74:6f",
            "id": "bastion-ssh-key",
            "key_name": "bastion-ssh-key",
            "key_name_prefix": "",
            "key_pair_id": "key-01cedb2f1df6ca04c",
            "key_type": "rsa",
            "public_key": "ssh-rsa AAAAB3NzaC1yc2EAAAADAQABAAACAQDA0FAES0EDK94lahqdpj/90hpQtxf1qFUfFhU+g5cZvkgVmoiha1AMbqmPyfRX+u4qEEIsDxlvXWjcqqZDX4gZPhxtHRinL3DJX7DQF8EGk/yCha80LjUkZiC6i+WqlK2uB0fCn+muVZ66gV+VIiI+7Is2gYuRyF+Q3ZbjlZCHQC/cvKmH35DjIpPkXvzpaF4TLXGcDHmdNgCUcRrYLceg3XreQGLu9FtWuSmyup2MfhVtVLPWNzhsez6SzpS6OfktvZE+iKEQCZMsr16ynBYl7L/FJ3Xz0nzjl4qQPJSgpjifUvaXzUKwTe2nIL1f7PL0Ief039w+aJ7Cnn8c3Z9S3pJ4W+RifHiWEHl060RXjfpOLxfENiHy3fVs9xPubiMshXS2YP52PHvg2pECqmXAFUdkesQjEDZWLdW3xChU3CSUF0g1W3SIeAxbXmk9exSKcPO4XsLOJF3dUVoYCIvUkO1dURIjmScVfROnZkCkyigeTa1MHYX6DPMXN081lvXKIgzkwz6J9/aDt7saylewpXn1hddJZfEFFr8daPsxbh0nCqi4HPCK5au56SlxRV6dDaDnUCLg8MSgq66S3C11cgTT/Wt86PeJ3dK+zv+83dzhATt2SYl8k6BCaaNtmAGdd00vqOdFtCItZm/gqhHY+aVhvc0b70cFDQhID80o1Q== shupt@Sana",
            "region": "us-east-1",
            "tags": {
              "name": "baction-admin-key-ssh"
            },
            "tags_all": {
              "name": "baction-admin-key-ssh"
            }
          },
          "sensitive_attributes": [],
          "identity_schema_version": 0,
          "private": "eyJzY2hlbWFfdmVyc2lvbiI6IjEifQ=="
        }
      ]
    },
    {
      "module": "module.bastion",
      "mode": "managed",
      "type": "aws_security_group",
      "name": "bastion_sg",
      "provider": "provider[\"registry.terraform.io/hashicorp/aws\"]",
      "instances": [
        {
          "schema_version": 1,
          "attributes": {
            "arn": "arn:aws:ec2:us-east-1:336670698191:security-group/sg-0f069072f5451abbf",
            "description": "Sg admin host",
            "egress": [
              {
                "cidr_blocks": [
                  "0.0.0.0/0"
                ],
                "description": "",
                "from_port": 0,
                "ipv6_cidr_blocks": [],
                "prefix_list_ids": [],
                "protocol": "tcp",
                "security_groups": [],
                "self": false,
                "to_port": 0
              }
            ],
            "id": "sg-0f069072f5451abbf",
            "ingress": [
              {
                "cidr_blocks": [
                  "188.163.44.234/32"
                ],
                "description": "",
                "from_port": 22,
                "ipv6_cidr_blocks": [],
                "prefix_list_ids": [],
                "protocol": "tcp",
                "security_groups": [],
                "self": false,
                "to_port": 22
              }
            ],
            "name": "Bastion-sg",
            "name_prefix": "",
            "owner_id": "336670698191",
            "region": "us-east-1",
            "revoke_rules_on_delete": false,
            "tags": {
              "name": "bastion-sg"
            },
            "tags_all": {
              "name": "bastion-sg"
            },
            "timeouts": null,
            "vpc_id": "vpc-0e7ba37d6b435c7a4"
          },
          "sensitive_attributes": [],
          "identity_schema_version": 0,
          "identity": {
            "account_id": "336670698191",
            "id": "sg-0f069072f5451abbf",
            "region": "us-east-1"
          },
          "private": "eyJlMmJmYjczMC1lY2FhLTExZTYtOGY4OC0zNDM2M2JjN2M0YzAiOnsiY3JlYXRlIjo2MDAwMDAwMDAwMDAsImRlbGV0ZSI6OTAwMDAwMDAwMDAwfSwic2NoZW1hX3ZlcnNpb24iOiIxIn0=",
          "dependencies": [
            "module.network.aws_subnet.priv_sub",
            "module.network.aws_vpc.vpc_data_panel"
          ]
        }
      ]
    },
    {
      "module": "module.cloudFront",
      "mode": "data",
      "type": "aws_iam_policy_document",
      "name": "cdn_bucket_policy",
      "provider": "provider[\"registry.terraform.io/hashicorp/aws\"]",
      "instances": [
        {
          "schema_version": 0,
          "attributes": {
            "id": "3903906671",
            "json": "{\n  \"Version\": \"2012-10-17\",\n  \"Statement\": [\n    {\n      \"Sid\": \"AllowCloudFrontOAC\",\n      \"Effect\": \"Allow\",\n      \"Action\": \"s3:GetObject\",\n      \"Resource\": \"arn:aws:s3:::s3-cdn-sana/*\",\n      \"Principal\": {\n        \"Service\": \"cloudfront.amazonaws.com\"\n      },\n      \"Condition\": {\n        \"StringEquals\": {\n          \"AWS:SourceArn\": \"arn:aws:cloudfront::336670698191:distribution/E2X8O8S3O12F0O\"\n        }\n      }\n    }\n  ]\n}",
            "minified_json": "{\"Version\":\"2012-10-17\",\"Statement\":[{\"Sid\":\"AllowCloudFrontOAC\",\"Effect\":\"Allow\",\"Action\":\"s3:GetObject\",\"Resource\":\"arn:aws:s3:::s3-cdn-sana/*\",\"Principal\":{\"Service\":\"cloudfront.amazonaws.com\"},\"Condition\":{\"StringEquals\":{\"AWS:SourceArn\":\"arn:aws:cloudfront::336670698191:distribution/E2X8O8S3O12F0O\"}}}]}",
            "override_json": null,
            "override_policy_documents": null,
            "policy_id": null,
            "source_json": null,
            "source_policy_documents": null,
            "statement": [
              {
                "actions": [
                  "s3:GetObject"
                ],
                "condition": [
                  {
                    "test": "StringEquals",
                    "values": [
                      "arn:aws:cloudfront::336670698191:distribution/E2X8O8S3O12F0O"
                    ],
                    "variable": "AWS:SourceArn"
                  }
                ],
                "effect": "Allow",
                "not_actions": [],
                "not_principals": [],
                "not_resources": [],
                "principals": [
                  {
                    "identifiers": [
                      "cloudfront.amazonaws.com"
                    ],
                    "type": "Service"
                  }
                ],
                "resources": [
                  "arn:aws:s3:::s3-cdn-sana/*"
                ],
                "sid": "AllowCloudFrontOAC"
              }
            ],
            "version": "2012-10-17"
          },
          "sensitive_attributes": [],
          "identity_schema_version": 0
        }
      ]
    },
    {
      "module": "module.cloudFront",
      "mode": "data",
      "type": "aws_route53_zone",
      "name": "main_zone",
      "provider": "provider[\"registry.terraform.io/hashicorp/aws\"]",
      "instances": [
        {
          "schema_version": 0,
          "attributes": {
            "arn": "arn:aws:route53:::hostedzone/Z01810872NMHH1GARU0SG",
            "caller_reference": "bd62281e-5dae-472c-a806-734247ae77da",
            "comment": "",
            "enable_accelerated_recovery": false,
            "id": "Z01810872NMHH1GARU0SG",
            "linked_service_description": null,
            "linked_service_principal": null,
            "name": "soc-net.lat",
            "name_servers": [
              "ns-1656.awsdns-15.co.uk",
              "ns-1285.awsdns-32.org",
              "ns-834.awsdns-40.net",
              "ns-92.awsdns-11.com"
            ],
            "primary_name_server": "ns-1656.awsdns-15.co.uk",
            "private_zone": false,
            "resource_record_set_count": 9,
            "tags": {},
            "vpc_id": null,
            "zone_id": "Z01810872NMHH1GARU0SG"
          },
          "sensitive_attributes": [],
          "identity_schema_version": 0
        }
      ]
    },
    {
      "module": "module.cloudFront",
      "mode": "managed",
      "type": "aws_acm_certificate",
      "name": "cert",
      "provider": "provider[\"registry.terraform.io/hashicorp/aws\"]",
      "instances": [
        {
          "schema_version": 0,
          "attributes": {
            "arn": "arn:aws:acm:us-east-1:336670698191:certificate/8e14f84c-7771-4d4e-bf61-d01d0b15a94e",
            "certificate_authority_arn": "",
            "certificate_body": null,
            "certificate_chain": null,
            "domain_name": "soc-net.lat",
            "domain_validation_options": [
              {
                "domain_name": "api.soc-net.lat",
                "resource_record_name": "_1a226ad6f770426753779d904e9dd6ac.api.soc-net.lat.",
                "resource_record_type": "CNAME",
                "resource_record_value": "_acab16fe0cc8b6e68aff6aea4d890e83.jkddzztszm.acm-validations.aws."
              },
              {
                "domain_name": "app.soc-net.lat",
                "resource_record_name": "_d819933c3f1d1c6b49b494825dd356b4.app.soc-net.lat.",
                "resource_record_type": "CNAME",
                "resource_record_value": "_f98afc504ed65e2206ebd78aade43f67.jkddzztszm.acm-validations.aws."
              },
              {
                "domain_name": "monitor.soc-net.lat",
                "resource_record_name": "_58749941af4212580861c65cc6807eb6.monitor.soc-net.lat.",
                "resource_record_type": "CNAME",
                "resource_record_value": "_136f523e7c7ec76649f50c0732479a4f.jkddzztszm.acm-validations.aws."
              },
              {
                "domain_name": "soc-net.lat",
                "resource_record_name": "_ad170f79931be4a7e5be95cba5e08c86.soc-net.lat.",
                "resource_record_type": "CNAME",
                "resource_record_value": "_52c20d440deb5cb263da494885acdb78.jkddzztszm.acm-validations.aws."
              }
            ],
            "early_renewal_duration": "",
            "id": "arn:aws:acm:us-east-1:336670698191:certificate/8e14f84c-7771-4d4e-bf61-d01d0b15a94e",
            "key_algorithm": "RSA_2048",
            "not_after": "2026-09-15T23:59:59Z",
            "not_before": "2026-03-02T00:00:00Z",
            "options": [
              {
                "certificate_transparency_logging_preference": "ENABLED",
                "export": "DISABLED"
              }
            ],
            "pending_renewal": false,
            "private_key": null,
            "region": "us-east-1",
            "renewal_eligibility": "ELIGIBLE",
            "renewal_summary": [],
            "status": "ISSUED",
            "subject_alternative_names": [
              "api.soc-net.lat",
              "app.soc-net.lat",
              "monitor.soc-net.lat",
              "soc-net.lat"
            ],
            "tags": {},
            "tags_all": {},
            "type": "AMAZON_ISSUED",
            "validation_emails": [],
            "validation_method": "DNS",
            "validation_option": []
          },
          "sensitive_attributes": [
            [
              {
                "type": "get_attr",
                "value": "private_key"
              }
            ]
          ],
          "identity_schema_version": 0,
          "identity": {
            "arn": "arn:aws:acm:us-east-1:336670698191:certificate/8e14f84c-7771-4d4e-bf61-d01d0b15a94e"
          },
          "private": "bnVsbA=="
        }
      ]
    },
    {
      "module": "module.cloudFront",
      "mode": "managed",
      "type": "aws_acm_certificate_validation",
      "name": "my_acm_valid",
      "provider": "provider[\"registry.terraform.io/hashicorp/aws\"]",
      "instances": [
        {
          "schema_version": 0,
          "attributes": {
            "certificate_arn": "arn:aws:acm:us-east-1:336670698191:certificate/8e14f84c-7771-4d4e-bf61-d01d0b15a94e",
            "id": "2026-03-02 14:57:20.549 +0000 UTC",
            "region": "us-east-1",
            "timeouts": null,
            "validation_record_fqdns": [
              "_1a226ad6f770426753779d904e9dd6ac.api.soc-net.lat",
              "_58749941af4212580861c65cc6807eb6.monitor.soc-net.lat",
              "_ad170f79931be4a7e5be95cba5e08c86.soc-net.lat",
              "_d819933c3f1d1c6b49b494825dd356b4.app.soc-net.lat"
            ]
          },
          "sensitive_attributes": [],
          "identity_schema_version": 0,
          "private": "eyJlMmJmYjczMC1lY2FhLTExZTYtOGY4OC0zNDM2M2JjN2M0YzAiOnsiY3JlYXRlIjo0NTAwMDAwMDAwMDAwfX0=",
          "dependencies": [
            "module.cloudFront.aws_acm_certificate.cert",
            "module.cloudFront.aws_route53_record.cert_validation",
            "module.cloudFront.data.aws_route53_zone.main_zone"
          ]
        }
      ]
    },
    {
      "module": "module.cloudFront",
      "mode": "managed",
      "type": "aws_cloudfront_distribution",
      "name": "cdn",
      "provider": "provider[\"registry.terraform.io/hashicorp/aws\"]",
      "instances": [
        {
          "schema_version": 1,
          "attributes": {
            "aliases": [
              "app.soc-net.lat"
            ],
            "anycast_ip_list_id": "",
            "arn": "arn:aws:cloudfront::336670698191:distribution/E2X8O8S3O12F0O",
            "caller_reference": "terraform-20260302152529833100000001",
            "comment": "app.soc-net.lat CDN",
            "connection_function_association": [],
            "continuous_deployment_policy_id": "",
            "custom_error_response": [],
            "default_cache_behavior": [
              {
                "allowed_methods": [
                  "GET",
                  "HEAD"
                ],
                "cache_policy_id": "",
                "cached_methods": [
                  "GET",
                  "HEAD"
                ],
                "compress": true,
                "default_ttl": 3600,
                "field_level_encryption_id": "",
                "forwarded_values": [
                  {
                    "cookies": [
                      {
                        "forward": "none",
                        "whitelisted_names": []
                      }
                    ],
                    "headers": [],
                    "query_string": false,
                    "query_string_cache_keys": []
                  }
                ],
                "function_association": [],
                "grpc_config": [
                  {
                    "enabled": false
                  }
                ],
                "lambda_function_association": [],
                "max_ttl": 86400,
                "min_ttl": 0,
                "origin_request_policy_id": "",
                "realtime_log_config_arn": "",
                "response_headers_policy_id": "",
                "smooth_streaming": false,
                "target_origin_id": "origin-cdn-s3",
                "trusted_key_groups": [],
                "trusted_signers": [],
                "viewer_protocol_policy": "redirect-to-https"
              }
            ],
            "default_root_object": "index.html",
            "domain_name": "d3bqaltwjbtkd.cloudfront.net",
            "enabled": true,
            "etag": "E3UN6WX5RRO2AG",
            "hosted_zone_id": "Z2FDTNDATAQYW2",
            "http_version": "http2",
            "id": "E2X8O8S3O12F0O",
            "in_progress_validation_batches": 0,
            "is_ipv6_enabled": true,
            "last_modified_time": "2026-03-02 17:59:19.043 +0000 UTC",
            "logging_config": [],
            "logging_v1_enabled": false,
            "ordered_cache_behavior": [],
            "origin": [
              {
                "connection_attempts": 3,
                "connection_timeout": 10,
                "custom_header": [],
                "custom_origin_config": [],
                "domain_name": "s3-cdn-sana.s3.us-east-1.amazonaws.com",
                "origin_access_control_id": "E1WGZ7867NLL6L",
                "origin_id": "origin-cdn-s3",
                "origin_path": "",
                "origin_shield": [],
                "response_completion_timeout": 0,
                "s3_origin_config": [],
                "vpc_origin_config": []
              }
            ],
            "origin_group": [],
            "price_class": "PriceClass_100",
            "restrictions": [
              {
                "geo_restriction": [
                  {
                    "locations": [],
                    "restriction_type": "none"
                  }
                ]
              }
            ],
            "retain_on_delete": false,
            "staging": false,
            "status": "Deployed",
            "tags": {},
            "tags_all": {},
            "trusted_key_groups": [
              {
                "enabled": false,
                "items": []
              }
            ],
            "trusted_signers": [
              {
                "enabled": false,
                "items": []
              }
            ],
            "viewer_certificate": [
              {
                "acm_certificate_arn": "arn:aws:acm:us-east-1:336670698191:certificate/8e14f84c-7771-4d4e-bf61-d01d0b15a94e",
                "cloudfront_default_certificate": false,
                "iam_certificate_id": "",
                "minimum_protocol_version": "TLSv1.2_2021",
                "ssl_support_method": "sni-only"
              }
            ],
            "viewer_mtls_config": [],
            "wait_for_deployment": true,
            "web_acl_id": ""
          },
          "sensitive_attributes": [],
          "identity_schema_version": 0,
          "private": "eyJzY2hlbWFfdmVyc2lvbiI6IjEifQ==",
          "dependencies": [
            "module.cloudFront.aws_acm_certificate.cert",
            "module.cloudFront.aws_acm_certificate_validation.my_acm_valid",
            "module.cloudFront.aws_cloudfront_origin_access_control.cl_front",
            "module.cloudFront.aws_route53_record.cert_validation",
            "module.cloudFront.data.aws_route53_zone.main_zone",
            "module.s3_cdn.aws_s3_bucket.s3_cdn"
          ]
        }
      ]
    },
    {
      "module": "module.cloudFront",
      "mode": "managed",
      "type": "aws_cloudfront_origin_access_control",
      "name": "cl_front",
      "provider": "provider[\"registry.terraform.io/hashicorp/aws\"]",
      "instances": [
        {
          "schema_version": 0,
          "attributes": {
            "arn": "arn:aws:cloudfront::336670698191:origin-access-control/E1WGZ7867NLL6L",
            "description": "Managed by Terraform",
            "etag": "ETVPDKIKX0DER",
            "id": "E1WGZ7867NLL6L",
            "name": "cl-front-test",
            "origin_access_control_origin_type": "s3",
            "signing_behavior": "always",
            "signing_protocol": "sigv4"
          },
          "sensitive_attributes": [],
          "identity_schema_version": 0,
          "private": "bnVsbA=="
        }
      ]
    },
    {
      "module": "module.cloudFront",
      "mode": "managed",
      "type": "aws_route53_record",
      "name": "cert_validation",
      "provider": "provider[\"registry.terraform.io/hashicorp/aws\"]",
      "instances": [
        {
          "index_key": "api.soc-net.lat",
          "schema_version": 2,
          "attributes": {
            "alias": [],
            "allow_overwrite": null,
            "cidr_routing_policy": [],
            "failover_routing_policy": [],
            "fqdn": "_1a226ad6f770426753779d904e9dd6ac.api.soc-net.lat",
            "geolocation_routing_policy": [],
            "geoproximity_routing_policy": [],
            "health_check_id": "",
            "id": "Z01810872NMHH1GARU0SG__1a226ad6f770426753779d904e9dd6ac.api.soc-net.lat._CNAME",
            "latency_routing_policy": [],
            "multivalue_answer_routing_policy": false,
            "name": "_1a226ad6f770426753779d904e9dd6ac.api.soc-net.lat",
            "records": [
              "_acab16fe0cc8b6e68aff6aea4d890e83.jkddzztszm.acm-validations.aws."
            ],
            "set_identifier": "",
            "timeouts": null,
            "ttl": 300,
            "type": "CNAME",
            "weighted_routing_policy": [],
            "zone_id": "Z01810872NMHH1GARU0SG"
          },
          "sensitive_attributes": [],
          "identity_schema_version": 0,
          "identity": {
            "account_id": "336670698191",
            "name": "_1a226ad6f770426753779d904e9dd6ac.api.soc-net.lat",
            "set_identifier": null,
            "type": "CNAME",
            "zone_id": "Z01810872NMHH1GARU0SG"
          },
          "private": "eyJlMmJmYjczMC1lY2FhLTExZTYtOGY4OC0zNDM2M2JjN2M0YzAiOnsiY3JlYXRlIjoxODAwMDAwMDAwMDAwLCJkZWxldGUiOjE4MDAwMDAwMDAwMDAsInVwZGF0ZSI6MTgwMDAwMDAwMDAwMH0sInNjaGVtYV92ZXJzaW9uIjoiMiJ9",
          "dependencies": [
            "module.cloudFront.aws_acm_certificate.cert",
            "module.cloudFront.data.aws_route53_zone.main_zone"
          ]
        },
        {
          "index_key": "app.soc-net.lat",
          "schema_version": 2,
          "attributes": {
            "alias": [],
            "allow_overwrite": null,
            "cidr_routing_policy": [],
            "failover_routing_policy": [],
            "fqdn": "_d819933c3f1d1c6b49b494825dd356b4.app.soc-net.lat",
            "geolocation_routing_policy": [],
            "geoproximity_routing_policy": [],
            "health_check_id": "",
            "id": "Z01810872NMHH1GARU0SG__d819933c3f1d1c6b49b494825dd356b4.app.soc-net.lat._CNAME",
            "latency_routing_policy": [],
            "multivalue_answer_routing_policy": false,
            "name": "_d819933c3f1d1c6b49b494825dd356b4.app.soc-net.lat",
            "records": [
              "_f98afc504ed65e2206ebd78aade43f67.jkddzztszm.acm-validations.aws."
            ],
            "set_identifier": "",
            "timeouts": null,
            "ttl": 300,
            "type": "CNAME",
            "weighted_routing_policy": [],
            "zone_id": "Z01810872NMHH1GARU0SG"
          },
          "sensitive_attributes": [],
          "identity_schema_version": 0,
          "identity": {
            "account_id": "336670698191",
            "name": "_d819933c3f1d1c6b49b494825dd356b4.app.soc-net.lat",
            "set_identifier": null,
            "type": "CNAME",
            "zone_id": "Z01810872NMHH1GARU0SG"
          },
          "private": "eyJlMmJmYjczMC1lY2FhLTExZTYtOGY4OC0zNDM2M2JjN2M0YzAiOnsiY3JlYXRlIjoxODAwMDAwMDAwMDAwLCJkZWxldGUiOjE4MDAwMDAwMDAwMDAsInVwZGF0ZSI6MTgwMDAwMDAwMDAwMH0sInNjaGVtYV92ZXJzaW9uIjoiMiJ9",
          "dependencies": [
            "module.cloudFront.aws_acm_certificate.cert",
            "module.cloudFront.data.aws_route53_zone.main_zone"
          ]
        },
        {
          "index_key": "monitor.soc-net.lat",
          "schema_version": 2,
          "attributes": {
            "alias": [],
            "allow_overwrite": null,
            "cidr_routing_policy": [],
            "failover_routing_policy": [],
            "fqdn": "_58749941af4212580861c65cc6807eb6.monitor.soc-net.lat",
            "geolocation_routing_policy": [],
            "geoproximity_routing_policy": [],
            "health_check_id": "",
            "id": "Z01810872NMHH1GARU0SG__58749941af4212580861c65cc6807eb6.monitor.soc-net.lat._CNAME",
            "latency_routing_policy": [],
            "multivalue_answer_routing_policy": false,
            "name": "_58749941af4212580861c65cc6807eb6.monitor.soc-net.lat",
            "records": [
              "_136f523e7c7ec76649f50c0732479a4f.jkddzztszm.acm-validations.aws."
            ],
            "set_identifier": "",
            "timeouts": null,
            "ttl": 300,
            "type": "CNAME",
            "weighted_routing_policy": [],
            "zone_id": "Z01810872NMHH1GARU0SG"
          },
          "sensitive_attributes": [],
          "identity_schema_version": 0,
          "identity": {
            "account_id": "336670698191",
            "name": "_58749941af4212580861c65cc6807eb6.monitor.soc-net.lat",
            "set_identifier": null,
            "type": "CNAME",
            "zone_id": "Z01810872NMHH1GARU0SG"
          },
          "private": "eyJlMmJmYjczMC1lY2FhLTExZTYtOGY4OC0zNDM2M2JjN2M0YzAiOnsiY3JlYXRlIjoxODAwMDAwMDAwMDAwLCJkZWxldGUiOjE4MDAwMDAwMDAwMDAsInVwZGF0ZSI6MTgwMDAwMDAwMDAwMH0sInNjaGVtYV92ZXJzaW9uIjoiMiJ9",
          "dependencies": [
            "module.cloudFront.aws_acm_certificate.cert",
            "module.cloudFront.data.aws_route53_zone.main_zone"
          ]
        },
        {
          "index_key": "soc-net.lat",
          "schema_version": 2,
          "attributes": {
            "alias": [],
            "allow_overwrite": null,
            "cidr_routing_policy": [],
            "failover_routing_policy": [],
            "fqdn": "_ad170f79931be4a7e5be95cba5e08c86.soc-net.lat",
            "geolocation_routing_policy": [],
            "geoproximity_routing_policy": [],
            "health_check_id": "",
            "id": "Z01810872NMHH1GARU0SG__ad170f79931be4a7e5be95cba5e08c86.soc-net.lat._CNAME",
            "latency_routing_policy": [],
            "multivalue_answer_routing_policy": false,
            "name": "_ad170f79931be4a7e5be95cba5e08c86.soc-net.lat",
            "records": [
              "_52c20d440deb5cb263da494885acdb78.jkddzztszm.acm-validations.aws."
            ],
            "set_identifier": "",
            "timeouts": null,
            "ttl": 300,
            "type": "CNAME",
            "weighted_routing_policy": [],
            "zone_id": "Z01810872NMHH1GARU0SG"
          },
          "sensitive_attributes": [],
          "identity_schema_version": 0,
          "identity": {
            "account_id": "336670698191",
            "name": "_ad170f79931be4a7e5be95cba5e08c86.soc-net.lat",
            "set_identifier": null,
            "type": "CNAME",
            "zone_id": "Z01810872NMHH1GARU0SG"
          },
          "private": "eyJlMmJmYjczMC1lY2FhLTExZTYtOGY4OC0zNDM2M2JjN2M0YzAiOnsiY3JlYXRlIjoxODAwMDAwMDAwMDAwLCJkZWxldGUiOjE4MDAwMDAwMDAwMDAsInVwZGF0ZSI6MTgwMDAwMDAwMDAwMH0sInNjaGVtYV92ZXJzaW9uIjoiMiJ9",
          "dependencies": [
            "module.cloudFront.aws_acm_certificate.cert",
            "module.cloudFront.data.aws_route53_zone.main_zone"
          ]
        }
      ]
    },
    {
      "module": "module.cloudFront",
      "mode": "managed",
      "type": "aws_route53_record",
      "name": "cn_cdn",
      "provider": "provider[\"registry.terraform.io/hashicorp/aws\"]",
      "instances": [
        {
          "schema_version": 2,
          "attributes": {
            "alias": [],
            "allow_overwrite": null,
            "cidr_routing_policy": [],
            "failover_routing_policy": [],
            "fqdn": "app.soc-net.lat",
            "geolocation_routing_policy": [],
            "geoproximity_routing_policy": [],
            "health_check_id": "",
            "id": "Z01810872NMHH1GARU0SG_app.soc-net.lat_CNAME",
            "latency_routing_policy": [],
            "multivalue_answer_routing_policy": false,
            "name": "app.soc-net.lat",
            "records": [
              "d3bqaltwjbtkd.cloudfront.net"
            ],
            "set_identifier": "",
            "timeouts": null,
            "ttl": 300,
            "type": "CNAME",
            "weighted_routing_policy": [],
            "zone_id": "Z01810872NMHH1GARU0SG"
          },
          "sensitive_attributes": [],
          "identity_schema_version": 0,
          "identity": {
            "account_id": "336670698191",
            "name": "app.soc-net.lat",
            "set_identifier": null,
            "type": "CNAME",
            "zone_id": "Z01810872NMHH1GARU0SG"
          },
          "private": "eyJlMmJmYjczMC1lY2FhLTExZTYtOGY4OC0zNDM2M2JjN2M0YzAiOnsiY3JlYXRlIjoxODAwMDAwMDAwMDAwLCJkZWxldGUiOjE4MDAwMDAwMDAwMDAsInVwZGF0ZSI6MTgwMDAwMDAwMDAwMH0sInNjaGVtYV92ZXJzaW9uIjoiMiJ9",
          "dependencies": [
            "module.cloudFront.aws_acm_certificate.cert",
            "module.cloudFront.aws_acm_certificate_validation.my_acm_valid",
            "module.cloudFront.aws_cloudfront_distribution.cdn",
            "module.cloudFront.aws_cloudfront_origin_access_control.cl_front",
            "module.cloudFront.aws_route53_record.cert_validation",
            "module.cloudFront.data.aws_route53_zone.main_zone",
            "module.s3_cdn.aws_s3_bucket.s3_cdn"
          ]
        }
      ]
    },
    {
      "module": "module.cloudFront",
      "mode": "managed",
      "type": "aws_s3_bucket_policy",
      "name": "s3_cdn_policy",
      "provider": "provider[\"registry.terraform.io/hashicorp/aws\"]",
      "instances": [
        {
          "schema_version": 0,
          "attributes": {
            "bucket": "s3-cdn-sana",
            "id": "s3-cdn-sana",
            "policy": "{\"Statement\":[{\"Action\":\"s3:GetObject\",\"Condition\":{\"StringEquals\":{\"AWS:SourceArn\":\"arn:aws:cloudfront::336670698191:distribution/E2X8O8S3O12F0O\"}},\"Effect\":\"Allow\",\"Principal\":{\"Service\":\"cloudfront.amazonaws.com\"},\"Resource\":\"arn:aws:s3:::s3-cdn-sana/*\",\"Sid\":\"AllowCloudFrontOAC\"}],\"Version\":\"2012-10-17\"}",
            "region": "us-east-1"
          },
          "sensitive_attributes": [],
          "identity_schema_version": 0,
          "identity": {
            "account_id": "336670698191",
            "bucket": "s3-cdn-sana",
            "region": "us-east-1"
          },
          "private": "bnVsbA==",
          "dependencies": [
            "module.cloudFront.aws_acm_certificate.cert",
            "module.cloudFront.aws_acm_certificate_validation.my_acm_valid",
            "module.cloudFront.aws_cloudfront_distribution.cdn",
            "module.cloudFront.aws_cloudfront_origin_access_control.cl_front",
            "module.cloudFront.aws_route53_record.cert_validation",
            "module.cloudFront.data.aws_iam_policy_document.cdn_bucket_policy",
            "module.cloudFront.data.aws_route53_zone.main_zone",
            "module.s3_cdn.aws_s3_bucket.s3_cdn"
          ]
        }
      ]
    },
    {
      "module": "module.dns_alb",
      "mode": "data",
      "type": "aws_lb",
      "name": "backend_lb",
      "provider": "provider[\"registry.terraform.io/hashicorp/aws\"]",
      "instances": [
        {
          "schema_version": 0,
          "attributes": {
            "access_logs": [
              {
                "bucket": "",
                "enabled": false,
                "prefix": ""
              }
            ],
            "arn": "arn:aws:elasticloadbalancing:us-east-1:336670698191:loadbalancer/app/k8s-default-backend-b0182b4151/5928bdde4e6971b6",
            "arn_suffix": "app/k8s-default-backend-b0182b4151/5928bdde4e6971b6",
            "client_keep_alive": 3600,
            "connection_logs": [
              {
                "bucket": "",
                "enabled": false,
                "prefix": ""
              }
            ],
            "customer_owned_ipv4_pool": "",
            "desync_mitigation_mode": "defensive",
            "dns_name": "k8s-default-backend-b0182b4151-1157290908.us-east-1.elb.amazonaws.com",
            "dns_record_client_routing_policy": null,
            "drop_invalid_header_fields": false,
            "enable_cross_zone_load_balancing": true,
            "enable_deletion_protection": false,
            "enable_http2": true,
            "enable_tls_version_and_cipher_suite_headers": false,
            "enable_waf_fail_open": false,
            "enable_xff_client_port": false,
            "enable_zonal_shift": false,
            "enforce_security_group_inbound_rules_on_private_link_traffic": "",
            "health_check_logs": [
              {
                "bucket": "",
                "enabled": false,
                "prefix": ""
              }
            ],
            "id": "arn:aws:elasticloadbalancing:us-east-1:336670698191:loadbalancer/app/k8s-default-backend-b0182b4151/5928bdde4e6971b6",
            "idle_timeout": 60,
            "internal": false,
            "ip_address_type": "ipv4",
            "ipam_pools": [],
            "load_balancer_type": "application",
            "name": "k8s-default-backend-b0182b4151",
            "preserve_host_header": false,
            "region": "us-east-1",
            "secondary_ips_auto_assigned_per_subnet": null,
            "security_groups": [
              "sg-060e5a7153746d25e",
              "sg-06cfdbe69b6039953"
            ],
            "subnet_mapping": [
              {
                "allocation_id": "",
                "ipv6_address": "",
                "outpost_id": "",
                "private_ipv4_address": "",
                "subnet_id": "subnet-005d737db82900f42"
              },
              {
                "allocation_id": "",
                "ipv6_address": "",
                "outpost_id": "",
                "private_ipv4_address": "",
                "subnet_id": "subnet-0a00f2388cd2ecc76"
              }
            ],
            "subnets": [
              "subnet-005d737db82900f42",
              "subnet-0a00f2388cd2ecc76"
            ],
            "tags": {
              "elbv2.k8s.aws/cluster": "priv-cluster-eks",
              "ingress.k8s.aws/resource": "LoadBalancer",
              "ingress.k8s.aws/stack": "default/backend"
            },
            "timeouts": null,
            "vpc_id": "vpc-0e7ba37d6b435c7a4",
            "xff_header_processing_mode": "append",
            "zone_id": "Z35SXDOTRQ7X7K"
          },
          "sensitive_attributes": [],
          "identity_schema_version": 0
        }
      ]
    },
    {
      "module": "module.dns_alb",
      "mode": "data",
      "type": "aws_lb",
      "name": "monitor_lb",
      "provider": "provider[\"registry.terraform.io/hashicorp/aws\"]",
      "instances": [
        {
          "schema_version": 0,
          "attributes": {
            "access_logs": [
              {
                "bucket": "",
                "enabled": false,
                "prefix": ""
              }
            ],
            "arn": "arn:aws:elasticloadbalancing:us-east-1:336670698191:loadbalancer/app/k8s-monitori-grafanai-e0a8e86cfc/ad4b16aec5834083",
            "arn_suffix": "app/k8s-monitori-grafanai-e0a8e86cfc/ad4b16aec5834083",
            "client_keep_alive": 3600,
            "connection_logs": [
              {
                "bucket": "",
                "enabled": false,
                "prefix": ""
              }
            ],
            "customer_owned_ipv4_pool": "",
            "desync_mitigation_mode": "defensive",
            "dns_name": "k8s-monitori-grafanai-e0a8e86cfc-2124470231.us-east-1.elb.amazonaws.com",
            "dns_record_client_routing_policy": null,
            "drop_invalid_header_fields": false,
            "enable_cross_zone_load_balancing": true,
            "enable_deletion_protection": false,
            "enable_http2": true,
            "enable_tls_version_and_cipher_suite_headers": false,
            "enable_waf_fail_open": false,
            "enable_xff_client_port": false,
            "enable_zonal_shift": false,
            "enforce_security_group_inbound_rules_on_private_link_traffic": "",
            "health_check_logs": [
              {
                "bucket": "",
                "enabled": false,
                "prefix": ""
              }
            ],
            "id": "arn:aws:elasticloadbalancing:us-east-1:336670698191:loadbalancer/app/k8s-monitori-grafanai-e0a8e86cfc/ad4b16aec5834083",
            "idle_timeout": 60,
            "internal": false,
            "ip_address_type": "ipv4",
            "ipam_pools": [],
            "load_balancer_type": "application",
            "name": "k8s-monitori-grafanai-e0a8e86cfc",
            "preserve_host_header": false,
            "region": "us-east-1",
            "secondary_ips_auto_assigned_per_subnet": null,
            "security_groups": [
              "sg-060e5a7153746d25e",
              "sg-065e8fc555906ed5b"
            ],
            "subnet_mapping": [
              {
                "allocation_id": "",
                "ipv6_address": "",
                "outpost_id": "",
                "private_ipv4_address": "",
                "subnet_id": "subnet-005d737db82900f42"
              },
              {
                "allocation_id": "",
                "ipv6_address": "",
                "outpost_id": "",
                "private_ipv4_address": "",
                "subnet_id": "subnet-0a00f2388cd2ecc76"
              }
            ],
            "subnets": [
              "subnet-005d737db82900f42",
              "subnet-0a00f2388cd2ecc76"
            ],
            "tags": {
              "elbv2.k8s.aws/cluster": "priv-cluster-eks",
              "ingress.k8s.aws/resource": "LoadBalancer",
              "ingress.k8s.aws/stack": "monitoring/grafana-ingress"
            },
            "timeouts": null,
            "vpc_id": "vpc-0e7ba37d6b435c7a4",
            "xff_header_processing_mode": "append",
            "zone_id": "Z35SXDOTRQ7X7K"
          },
          "sensitive_attributes": [],
          "identity_schema_version": 0
        }
      ]
    },
    {
      "module": "module.dns_alb",
      "mode": "data",
      "type": "aws_route53_zone",
      "name": "main_zone",
      "provider": "provider[\"registry.terraform.io/hashicorp/aws\"]",
      "instances": [
        {
          "schema_version": 0,
          "attributes": {
            "arn": "arn:aws:route53:::hostedzone/Z01810872NMHH1GARU0SG",
            "caller_reference": "bd62281e-5dae-472c-a806-734247ae77da",
            "comment": "",
            "enable_accelerated_recovery": false,
            "id": "Z01810872NMHH1GARU0SG",
            "linked_service_description": null,
            "linked_service_principal": null,
            "name": "soc-net.lat",
            "name_servers": [
              "ns-1656.awsdns-15.co.uk",
              "ns-1285.awsdns-32.org",
              "ns-834.awsdns-40.net",
              "ns-92.awsdns-11.com"
            ],
            "primary_name_server": "ns-1656.awsdns-15.co.uk",
            "private_zone": false,
            "resource_record_set_count": 9,
            "tags": {},
            "vpc_id": null,
            "zone_id": "Z01810872NMHH1GARU0SG"
          },
          "sensitive_attributes": [],
          "identity_schema_version": 0
        }
      ]
    },
    {
      "module": "module.dns_alb",
      "mode": "managed",
      "type": "aws_route53_record",
      "name": "alb_monitor_cname",
      "provider": "provider[\"registry.terraform.io/hashicorp/aws\"]",
      "instances": [
        {
          "schema_version": 2,
          "attributes": {
            "alias": [
              {
                "evaluate_target_health": false,
                "name": "k8s-monitori-grafanai-e0a8e86cfc-2124470231.us-east-1.elb.amazonaws.com",
                "zone_id": "Z35SXDOTRQ7X7K"
              }
            ],
            "allow_overwrite": null,
            "cidr_routing_policy": [],
            "failover_routing_policy": [],
            "fqdn": "monitor.soc-net.lat",
            "geolocation_routing_policy": [],
            "geoproximity_routing_policy": [],
            "health_check_id": "",
            "id": "Z01810872NMHH1GARU0SG_monitor.soc-net.lat_A",
            "latency_routing_policy": [],
            "multivalue_answer_routing_policy": false,
            "name": "monitor.soc-net.lat",
            "records": [],
            "set_identifier": "",
            "timeouts": null,
            "ttl": 0,
            "type": "A",
            "weighted_routing_policy": [],
            "zone_id": "Z01810872NMHH1GARU0SG"
          },
          "sensitive_attributes": [],
          "identity_schema_version": 0,
          "identity": {
            "account_id": "336670698191",
            "name": "monitor.soc-net.lat",
            "set_identifier": null,
            "type": "A",
            "zone_id": "Z01810872NMHH1GARU0SG"
          },
          "private": "eyJlMmJmYjczMC1lY2FhLTExZTYtOGY4OC0zNDM2M2JjN2M0YzAiOnsiY3JlYXRlIjoxODAwMDAwMDAwMDAwLCJkZWxldGUiOjE4MDAwMDAwMDAwMDAsInVwZGF0ZSI6MTgwMDAwMDAwMDAwMH0sInNjaGVtYV92ZXJzaW9uIjoiMiJ9",
          "dependencies": [
            "module.dns_alb.data.aws_lb.monitor_lb",
            "module.dns_alb.data.aws_route53_zone.main_zone"
          ]
        }
      ]
    },
    {
      "module": "module.dns_alb",
      "mode": "managed",
      "type": "aws_route53_record",
      "name": "backend_cname",
      "provider": "provider[\"registry.terraform.io/hashicorp/aws\"]",
      "instances": [
        {
          "schema_version": 2,
          "attributes": {
            "alias": [
              {
                "evaluate_target_health": false,
                "name": "k8s-default-backend-b0182b4151-1157290908.us-east-1.elb.amazonaws.com",
                "zone_id": "Z35SXDOTRQ7X7K"
              }
            ],
            "allow_overwrite": null,
            "cidr_routing_policy": [],
            "failover_routing_policy": [],
            "fqdn": "api.soc-net.lat",
            "geolocation_routing_policy": [],
            "geoproximity_routing_policy": [],
            "health_check_id": "",
            "id": "Z01810872NMHH1GARU0SG_api.soc-net.lat_A",
            "latency_routing_policy": [],
            "multivalue_answer_routing_policy": false,
            "name": "api.soc-net.lat",
            "records": [],
            "set_identifier": "",
            "timeouts": null,
            "ttl": 0,
            "type": "A",
            "weighted_routing_policy": [],
            "zone_id": "Z01810872NMHH1GARU0SG"
          },
          "sensitive_attributes": [],
          "identity_schema_version": 0,
          "identity": {
            "account_id": "336670698191",
            "name": "api.soc-net.lat",
            "set_identifier": null,
            "type": "A",
            "zone_id": "Z01810872NMHH1GARU0SG"
          },
          "private": "eyJlMmJmYjczMC1lY2FhLTExZTYtOGY4OC0zNDM2M2JjN2M0YzAiOnsiY3JlYXRlIjoxODAwMDAwMDAwMDAwLCJkZWxldGUiOjE4MDAwMDAwMDAwMDAsInVwZGF0ZSI6MTgwMDAwMDAwMDAwMH0sInNjaGVtYV92ZXJzaW9uIjoiMiJ9",
          "dependencies": [
            "module.dns_alb.data.aws_lb.backend_lb",
            "module.dns_alb.data.aws_route53_zone.main_zone"
          ]
        }
      ]
    },
    {
      "module": "module.ecr",
      "mode": "managed",
      "type": "aws_ecr_lifecycle_policy",
      "name": "my_ecr_policy",
      "provider": "provider[\"registry.terraform.io/hashicorp/aws\"]",
      "instances": [
        {
          "schema_version": 0,
          "attributes": {
            "id": "diplom-ecr",
            "policy": "{\"rules\":[{\"action\":{\"type\":\"expire\"},\"description\":\"Keep last 10 images\",\"rulePriority\":1,\"selection\":{\"countNumber\":10,\"countType\":\"imageCountMoreThan\",\"tagStatus\":\"any\"}}]}",
            "region": "us-east-1",
            "registry_id": "336670698191",
            "repository": "diplom-ecr"
          },
          "sensitive_attributes": [],
          "identity_schema_version": 0,
          "identity": {
            "account_id": "336670698191",
            "region": "us-east-1",
            "repository": "diplom-ecr"
          },
          "private": "bnVsbA==",
          "dependencies": [
            "module.ecr.aws_ecr_repository.my_ecr"
          ]
        }
      ]
    },
    {
      "module": "module.ecr",
      "mode": "managed",
      "type": "aws_ecr_repository",
      "name": "my_ecr",
      "provider": "provider[\"registry.terraform.io/hashicorp/aws\"]",
      "instances": [
        {
          "schema_version": 0,
          "attributes": {
            "arn": "arn:aws:ecr:us-east-1:336670698191:repository/diplom-ecr",
            "encryption_configuration": [
              {
                "encryption_type": "AES256",
                "kms_key": ""
              }
            ],
            "force_delete": true,
            "id": "diplom-ecr",
            "image_scanning_configuration": [
              {
                "scan_on_push": true
              }
            ],
            "image_tag_mutability": "IMMUTABLE",
            "image_tag_mutability_exclusion_filter": [],
            "name": "diplom-ecr",
            "region": "us-east-1",
            "registry_id": "336670698191",
            "repository_url": "336670698191.dkr.ecr.us-east-1.amazonaws.com/diplom-ecr",
            "tags": {
              "Project": "diploma"
            },
            "tags_all": {
              "Project": "diploma"
            },
            "timeouts": null
          },
          "sensitive_attributes": [],
          "identity_schema_version": 0,
          "identity": {
            "account_id": "336670698191",
            "name": "diplom-ecr",
            "region": "us-east-1"
          },
          "private": "eyJlMmJmYjczMC1lY2FhLTExZTYtOGY4OC0zNDM2M2JjN2M0YzAiOnsiZGVsZXRlIjoxMjAwMDAwMDAwMDAwfX0="
        }
      ]
    },
    {
      "module": "module.eks_cluster",
      "mode": "managed",
      "type": "aws_eks_access_entry",
      "name": "github_role_access",
      "provider": "provider[\"registry.terraform.io/hashicorp/aws\"]",
      "instances": [
        {
          "schema_version": 0,
          "attributes": {
            "access_entry_arn": "arn:aws:eks:us-east-1:336670698191:access-entry/priv-cluster-eks/role/336670698191/github-terraform-role/aece578b-e8a9-f216-bd88-4141620e6b5f",
            "cluster_name": "priv-cluster-eks",
            "created_at": "2026-03-02T15:08:20Z",
            "id": "priv-cluster-eks:arn:aws:iam::336670698191:role/github-terraform-role",
            "kubernetes_groups": [],
            "modified_at": "2026-03-02T15:08:20Z",
            "principal_arn": "arn:aws:iam::336670698191:role/github-terraform-role",
            "region": "us-east-1",
            "tags": {},
            "tags_all": {},
            "timeouts": null,
            "type": "STANDARD",
            "user_name": "arn:aws:sts::336670698191:assumed-role/github-terraform-role/{{SessionName}}"
          },
          "sensitive_attributes": [],
          "identity_schema_version": 0,
          "private": "eyJlMmJmYjczMC1lY2FhLTExZTYtOGY4OC0zNDM2M2JjN2M0YzAiOnsiY3JlYXRlIjo2MDAwMDAwMDAwMDAsImRlbGV0ZSI6NjAwMDAwMDAwMDAwfX0=",
          "dependencies": [
            "module.eks_cluster.aws_eks_cluster.eks_priv_endpoint",
            "module.eks_cluster.aws_iam_role.role_eks",
            "module.eks_cluster.aws_iam_role_policy_attachment.cluster_policy",
            "module.network.aws_subnet.priv_sub",
            "module.network.aws_vpc.vpc_data_panel"
          ]
        }
      ]
    },
    {
      "module": "module.eks_cluster",
      "mode": "managed",
      "type": "aws_eks_access_entry",
      "name": "user_access",
      "provider": "provider[\"registry.terraform.io/hashicorp/aws\"]",
      "instances": [
        {
          "schema_version": 0,
          "attributes": {
            "access_entry_arn": "arn:aws:eks:us-east-1:336670698191:access-entry/priv-cluster-eks/user/336670698191/mycli/f6ce578b-e8ab-9661-2560-596808e93d0e",
            "cluster_name": "priv-cluster-eks",
            "created_at": "2026-03-02T15:08:19Z",
            "id": "priv-cluster-eks:arn:aws:iam::336670698191:user/mycli",
            "kubernetes_groups": [],
            "modified_at": "2026-03-02T15:08:19Z",
            "principal_arn": "arn:aws:iam::336670698191:user/mycli",
            "region": "us-east-1",
            "tags": {},
            "tags_all": {},
            "timeouts": null,
            "type": "STANDARD",
            "user_name": "arn:aws:iam::336670698191:user/mycli"
          },
          "sensitive_attributes": [],
          "identity_schema_version": 0,
          "private": "eyJlMmJmYjczMC1lY2FhLTExZTYtOGY4OC0zNDM2M2JjN2M0YzAiOnsiY3JlYXRlIjo2MDAwMDAwMDAwMDAsImRlbGV0ZSI6NjAwMDAwMDAwMDAwfX0=",
          "dependencies": [
            "module.eks_cluster.aws_eks_cluster.eks_priv_endpoint",
            "module.eks_cluster.aws_iam_role.role_eks",
            "module.eks_cluster.aws_iam_role_policy_attachment.cluster_policy",
            "module.network.aws_subnet.priv_sub",
            "module.network.aws_vpc.vpc_data_panel"
          ]
        }
      ]
    },
    {
      "module": "module.eks_cluster",
      "mode": "managed",
      "type": "aws_eks_access_policy_association",
      "name": "github_role_admin",
      "provider": "provider[\"registry.terraform.io/hashicorp/aws\"]",
      "instances": [
        {
          "schema_version": 0,
          "attributes": {
            "access_scope": [
              {
                "namespaces": [],
                "type": "cluster"
              }
            ],
            "associated_at": "2026-03-02 15:08:21.031 +0000 UTC",
            "cluster_name": "priv-cluster-eks",
            "id": "priv-cluster-eks#arn:aws:iam::336670698191:role/github-terraform-role#arn:aws:eks::aws:cluster-access-policy/AmazonEKSClusterAdminPolicy",
            "modified_at": "2026-03-02 15:08:21.031 +0000 UTC",
            "policy_arn": "arn:aws:eks::aws:cluster-access-policy/AmazonEKSClusterAdminPolicy",
            "principal_arn": "arn:aws:iam::336670698191:role/github-terraform-role",
            "region": "us-east-1",
            "timeouts": null
          },
          "sensitive_attributes": [],
          "identity_schema_version": 0,
          "private": "eyJlMmJmYjczMC1lY2FhLTExZTYtOGY4OC0zNDM2M2JjN2M0YzAiOnsiY3JlYXRlIjo2MDAwMDAwMDAwMDAsImRlbGV0ZSI6NjAwMDAwMDAwMDAwfX0=",
          "dependencies": [
            "module.eks_cluster.aws_eks_access_entry.github_role_access",
            "module.eks_cluster.aws_eks_cluster.eks_priv_endpoint",
            "module.eks_cluster.aws_iam_role.role_eks",
            "module.eks_cluster.aws_iam_role_policy_attachment.cluster_policy",
            "module.network.aws_subnet.priv_sub",
            "module.network.aws_vpc.vpc_data_panel"
          ]
        }
      ]
    },
    {
      "module": "module.eks_cluster",
      "mode": "managed",
      "type": "aws_eks_access_policy_association",
      "name": "user_admin",
      "provider": "provider[\"registry.terraform.io/hashicorp/aws\"]",
      "instances": [
        {
          "schema_version": 0,
          "attributes": {
            "access_scope": [
              {
                "namespaces": [],
                "type": "cluster"
              }
            ],
            "associated_at": "2026-03-02 15:08:20.691 +0000 UTC",
            "cluster_name": "priv-cluster-eks",
            "id": "priv-cluster-eks#arn:aws:iam::336670698191:user/mycli#arn:aws:eks::aws:cluster-access-policy/AmazonEKSClusterAdminPolicy",
            "modified_at": "2026-03-02 15:08:20.691 +0000 UTC",
            "policy_arn": "arn:aws:eks::aws:cluster-access-policy/AmazonEKSClusterAdminPolicy",
            "principal_arn": "arn:aws:iam::336670698191:user/mycli",
            "region": "us-east-1",
            "timeouts": null
          },
          "sensitive_attributes": [],
          "identity_schema_version": 0,
          "private": "eyJlMmJmYjczMC1lY2FhLTExZTYtOGY4OC0zNDM2M2JjN2M0YzAiOnsiY3JlYXRlIjo2MDAwMDAwMDAwMDAsImRlbGV0ZSI6NjAwMDAwMDAwMDAwfX0=",
          "dependencies": [
            "module.eks_cluster.aws_eks_access_entry.user_access",
            "module.eks_cluster.aws_eks_cluster.eks_priv_endpoint",
            "module.eks_cluster.aws_iam_role.role_eks",
            "module.eks_cluster.aws_iam_role_policy_attachment.cluster_policy",
            "module.network.aws_subnet.priv_sub",
            "module.network.aws_vpc.vpc_data_panel"
          ]
        }
      ]
    },
    {
      "module": "module.eks_cluster",
      "mode": "managed",
      "type": "aws_eks_cluster",
      "name": "eks_priv_endpoint",
      "provider": "provider[\"registry.terraform.io/hashicorp/aws\"]",
      "instances": [
        {
          "schema_version": 1,
          "attributes": {
            "access_config": [
              {
                "authentication_mode": "API_AND_CONFIG_MAP",
                "bootstrap_cluster_creator_admin_permissions": false
              }
            ],
            "arn": "arn:aws:eks:us-east-1:336670698191:cluster/priv-cluster-eks",
            "bootstrap_self_managed_addons": true,
            "certificate_authority": [
              {
                "data": "LS0tLS1CRUdJTiBDRVJUSUZJQ0FURS0tLS0tCk1JSURCVENDQWUyZ0F3SUJBZ0lJTm9heit6THFPMWN3RFFZSktvWklodmNOQVFFTEJRQXdGVEVUTUJFR0ExVUUKQXhNS2EzVmlaWEp1WlhSbGN6QWVGdzB5TmpBek1ESXhORFU0TWpSYUZ3MHpOakF5TWpneE5UQXpNalJhTUJVeApFekFSQmdOVkJBTVRDbXQxWW1WeWJtVjBaWE13Z2dFaU1BMEdDU3FHU0liM0RRRUJBUVVBQTRJQkR3QXdnZ0VLCkFvSUJBUURWQkM0QUd0QjZVenVKdUZacGNaa1p1L1YzcUt6K3U3cmJNaXFxOFAyUm5mVnNscW40Y2ZSTkY0enkKNVV5QUY1aG41WGZobTNWZDMwM01hUThRRkhDZUtMSnFETlFZUXEwUHdJL3lYUk95b2dsVE5jNGxOWG9NVnUxMQpEcUhwVWlLend2YUlObldKMFJ6TWVUOXFKOTh3THRJYkxtT0JBZ25NWWl3dTVya05kQjMzSElXNkJvWFpZWTdxCi81ZUF2dGx6c3VvK1ZlUEtiaWRoNFVIY01DSnlGVkJjc25tZk9icHJ6aGRBOWRvb3ZYN3lxZEFPckJ2NkQzb0gKM1NOdjFPMTZ1ajlOcDN3bkpBeTJHQnV0b3NocGJITk03NnUwcGNhZFdkaTQ4OE55Ym1qWHBJdFdPazVmZVhvdwpwUVB2T2dUVlNBbCtSVmJGK3VndUNTU25SbnhaQWdNQkFBR2pXVEJYTUE0R0ExVWREd0VCL3dRRUF3SUNwREFQCkJnTlZIUk1CQWY4RUJUQURBUUgvTUIwR0ExVWREZ1FXQkJUVWZVWEVNOGFWU09wTnBKVjRPd0xjdG9ETXBEQVYKQmdOVkhSRUVEakFNZ2dwcmRXSmxjbTVsZEdWek1BMEdDU3FHU0liM0RRRUJDd1VBQTRJQkFRRE9GeG0wajNTWgo0Q3BzalZad2t6MUVNZUswZ0x0cVprKzNTa0ZuY2M0Y3ZZQ1k5RXlxZ3E0bWc2Q2t1by9waFFWcTVVanlsNHIyCnVHWko0U0ZlMngxbFRBb3BNY0YvZjZrSHBSd01nNW16TzdsNEZWVlplLzlkaXVUajFDa1plRkdrUEEwelFMblYKVU5RdG5wOEttMTc3YXljb3B2bXFrN0owS09iV0lwY2dtRlRoUXExckZrZytvRFdCRjFHNHdLanNJbENwT1liZgpTK09tSWozNUlUUlcwdStFSUNFVWxRMTFCcTVDaGNKbm82cTZNdkpqTGZubGxtZ25LOVJEeGN4Z1BFQWZQcWFtCjFWVlBTdFl6dStJWC92OWpINWliWWVWc3VISDdHNmg4UFVqOUZNWFcrOENuYXp0S2FPY3pWa21pd2R0Q2Q3TTUKNG9MU00zNytPMUlKCi0tLS0tRU5EIENFUlRJRklDQVRFLS0tLS0K"
              }
            ],
            "cluster_id": null,
            "compute_config": [
              {
                "enabled": false,
                "node_pools": [],
                "node_role_arn": ""
              }
            ],
            "control_plane_scaling_config": [
              {
                "tier": "standard"
              }
            ],
            "created_at": "2026-03-02T14:57:14Z",
            "deletion_protection": false,
            "enabled_cluster_log_types": [],
            "encryption_config": [],
            "endpoint": "https://A8DA337D57626B0167744BF44A96F2B9.sk1.us-east-1.eks.amazonaws.com",
            "force_update_version": null,
            "id": "priv-cluster-eks",
            "identity": [
              {
                "oidc": [
                  {
                    "issuer": "https://oidc.eks.us-east-1.amazonaws.com/id/A8DA337D57626B0167744BF44A96F2B9"
                  }
                ]
              }
            ],
            "kubernetes_network_config": [
              {
                "elastic_load_balancing": [
                  {
                    "enabled": false
                  }
                ],
                "ip_family": "ipv4",
                "service_ipv4_cidr": "172.20.0.0/16",
                "service_ipv6_cidr": ""
              }
            ],
            "name": "priv-cluster-eks",
            "outpost_config": [],
            "platform_version": "eks.52",
            "region": "us-east-1",
            "remote_network_config": [],
            "role_arn": "arn:aws:iam::336670698191:role/eks-cluster-role",
            "status": "ACTIVE",
            "storage_config": [
              {
                "block_storage": [
                  {
                    "enabled": false
                  }
                ]
              }
            ],
            "tags": {},
            "tags_all": {},
            "timeouts": null,
            "upgrade_policy": [
              {
                "support_type": "EXTENDED"
              }
            ],
            "version": "1.31",
            "vpc_config": [
              {
                "cluster_security_group_id": "sg-06c1147b534ab1422",
                "endpoint_private_access": true,
                "endpoint_public_access": true,
                "public_access_cidrs": [
                  "0.0.0.0/0"
                ],
                "security_group_ids": [],
                "subnet_ids": [
                  "subnet-08d4ae4ac25526fc0",
                  "subnet-0dd5575dbb9fccf89"
                ],
                "vpc_id": "vpc-0e7ba37d6b435c7a4"
              }
            ],
            "zonal_shift_config": []
          },
          "sensitive_attributes": [],
          "identity_schema_version": 0,
          "private": "eyJlMmJmYjczMC1lY2FhLTExZTYtOGY4OC0zNDM2M2JjN2M0YzAiOnsiY3JlYXRlIjoxODAwMDAwMDAwMDAwLCJkZWxldGUiOjkwMDAwMDAwMDAwMCwidXBkYXRlIjozNjAwMDAwMDAwMDAwfSwic2NoZW1hX3ZlcnNpb24iOiIxIn0=",
          "dependencies": [
            "module.eks_cluster.aws_iam_role.role_eks",
            "module.eks_cluster.aws_iam_role_policy_attachment.cluster_policy",
            "module.network.aws_subnet.priv_sub",
            "module.network.aws_vpc.vpc_data_panel"
          ]
        }
      ]
    },
    {
      "module": "module.eks_cluster",
      "mode": "managed",
      "type": "aws_iam_role",
      "name": "role_eks",
      "provider": "provider[\"registry.terraform.io/hashicorp/aws\"]",
      "instances": [
        {
          "schema_version": 0,
          "attributes": {
            "arn": "arn:aws:iam::336670698191:role/eks-cluster-role",
            "assume_role_policy": "{\"Statement\":[{\"Action\":\"sts:AssumeRole\",\"Effect\":\"Allow\",\"Principal\":{\"Service\":\"eks.amazonaws.com\"}}],\"Version\":\"2012-10-17\"}",
            "create_date": "2026-03-02T14:56:56Z",
            "description": "",
            "force_detach_policies": false,
            "id": "eks-cluster-role",
            "inline_policy": [],
            "managed_policy_arns": [
              "arn:aws:iam::aws:policy/AmazonEKSClusterPolicy"
            ],
            "max_session_duration": 3600,
            "name": "eks-cluster-role",
            "name_prefix": "",
            "path": "/",
            "permissions_boundary": "",
            "tags": {},
            "tags_all": {},
            "unique_id": "AROAU4YZDFLHUVIJEDN4B"
          },
          "sensitive_attributes": [],
          "identity_schema_version": 0,
          "identity": {
            "account_id": "336670698191",
            "name": "eks-cluster-role"
          },
          "private": "bnVsbA=="
        }
      ]
    },
    {
      "module": "module.eks_cluster",
      "mode": "managed",
      "type": "aws_iam_role_policy_attachment",
      "name": "cluster_policy",
      "provider": "provider[\"registry.terraform.io/hashicorp/aws\"]",
      "instances": [
        {
          "schema_version": 0,
          "attributes": {
            "id": "eks-cluster-role/arn:aws:iam::aws:policy/AmazonEKSClusterPolicy",
            "policy_arn": "arn:aws:iam::aws:policy/AmazonEKSClusterPolicy",
            "role": "eks-cluster-role"
          },
          "sensitive_attributes": [],
          "identity_schema_version": 0,
          "identity": {
            "account_id": "336670698191",
            "policy_arn": "arn:aws:iam::aws:policy/AmazonEKSClusterPolicy",
            "role": "eks-cluster-role"
          },
          "private": "bnVsbA==",
          "dependencies": [
            "module.eks_cluster.aws_iam_role.role_eks"
          ]
        }
      ]
    },
    {
      "module": "module.network",
      "mode": "managed",
      "type": "aws_eip",
      "name": "my_eip",
      "provider": "provider[\"registry.terraform.io/hashicorp/aws\"]",
      "instances": [
        {
          "schema_version": 0,
          "attributes": {
            "address": null,
            "allocation_id": "eipalloc-00e0fbf1569438a6e",
            "arn": "arn:aws:ec2:us-east-1:336670698191:elastic-ip/eipalloc-00e0fbf1569438a6e",
            "associate_with_private_ip": null,
            "association_id": "eipassoc-006f6f4efbf39eb65",
            "carrier_ip": "",
            "customer_owned_ip": "",
            "customer_owned_ipv4_pool": "",
            "domain": "vpc",
            "id": "eipalloc-00e0fbf1569438a6e",
            "instance": "",
            "ipam_pool_id": null,
            "network_border_group": "us-east-1",
            "network_interface": "eni-01e0d8a413855cb0c",
            "private_dns": "ip-10-70-2-98.ec2.internal",
            "private_ip": "10.70.2.98",
            "ptr_record": "",
            "public_dns": "ec2-35-171-208-169.compute-1.amazonaws.com",
            "public_ip": "35.171.208.169",
            "public_ipv4_pool": "amazon",
            "region": "us-east-1",
            "tags": {},
            "tags_all": {},
            "timeouts": null
          },
          "sensitive_attributes": [],
          "identity_schema_version": 0,
          "private": "eyJlMmJmYjczMC1lY2FhLTExZTYtOGY4OC0zNDM2M2JjN2M0YzAiOnsiZGVsZXRlIjoxODAwMDAwMDAwMDAsInJlYWQiOjkwMDAwMDAwMDAwMCwidXBkYXRlIjozMDAwMDAwMDAwMDB9fQ==",
          "dependencies": [
            "module.network.aws_internet_gateway.igw_data_panel",
            "module.network.aws_vpc.vpc_data_panel"
          ]
        }
      ]
    },
    {
      "module": "module.network",
      "mode": "managed",
      "type": "aws_internet_gateway",
      "name": "igw_data_panel",
      "provider": "provider[\"registry.terraform.io/hashicorp/aws\"]",
      "instances": [
        {
          "schema_version": 0,
          "attributes": {
            "arn": "arn:aws:ec2:us-east-1:336670698191:internet-gateway/igw-0cc20d64ae5faf16f",
            "id": "igw-0cc20d64ae5faf16f",
            "owner_id": "336670698191",
            "region": "us-east-1",
            "tags": {
              "name": "igw-data-panel"
            },
            "tags_all": {
              "name": "igw-data-panel"
            },
            "timeouts": null,
            "vpc_id": "vpc-0e7ba37d6b435c7a4"
          },
          "sensitive_attributes": [],
          "identity_schema_version": 0,
          "private": "eyJlMmJmYjczMC1lY2FhLTExZTYtOGY4OC0zNDM2M2JjN2M0YzAiOnsiY3JlYXRlIjoxMjAwMDAwMDAwMDAwLCJkZWxldGUiOjEyMDAwMDAwMDAwMDAsInVwZGF0ZSI6MTIwMDAwMDAwMDAwMH19",
          "dependencies": [
            "module.network.aws_vpc.vpc_data_panel"
          ]
        }
      ]
    },
    {
      "module": "module.network",
      "mode": "managed",
      "type": "aws_nat_gateway",
      "name": "my_nat",
      "provider": "provider[\"registry.terraform.io/hashicorp/aws\"]",
      "instances": [
        {
          "schema_version": 0,
          "attributes": {
            "allocation_id": "eipalloc-00e0fbf1569438a6e",
            "association_id": "eipassoc-006f6f4efbf39eb65",
            "auto_provision_zones": null,
            "auto_scaling_ips": null,
            "availability_mode": "zonal",
            "availability_zone_address": [],
            "connectivity_type": "public",
            "id": "nat-044015d34c2a71288",
            "network_interface_id": "eni-01e0d8a413855cb0c",
            "private_ip": "10.70.2.98",
            "public_ip": "35.171.208.169",
            "region": "us-east-1",
            "regional_nat_gateway_address": [],
            "regional_nat_gateway_auto_mode": null,
            "route_table_id": null,
            "secondary_allocation_ids": [],
            "secondary_private_ip_address_count": 0,
            "secondary_private_ip_addresses": [],
            "subnet_id": "subnet-0a00f2388cd2ecc76",
            "tags": {
              "name": "my-nat"
            },
            "tags_all": {
              "name": "my-nat"
            },
            "timeouts": null,
            "vpc_id": "vpc-0e7ba37d6b435c7a4"
          },
          "sensitive_attributes": [],
          "identity_schema_version": 0,
          "private": "eyJlMmJmYjczMC1lY2FhLTExZTYtOGY4OC0zNDM2M2JjN2M0YzAiOnsiY3JlYXRlIjo2MDAwMDAwMDAwMDAsImRlbGV0ZSI6MTgwMDAwMDAwMDAwMCwidXBkYXRlIjo2MDAwMDAwMDAwMDB9fQ==",
          "dependencies": [
            "module.network.aws_eip.my_eip",
            "module.network.aws_internet_gateway.igw_data_panel",
            "module.network.aws_subnet.pub_sub",
            "module.network.aws_vpc.vpc_data_panel"
          ]
        }
      ]
    },
    {
      "module": "module.network",
      "mode": "managed",
      "type": "aws_route_table",
      "name": "priv_rt",
      "provider": "provider[\"registry.terraform.io/hashicorp/aws\"]",
      "instances": [
        {
          "schema_version": 0,
          "attributes": {
            "arn": "arn:aws:ec2:us-east-1:336670698191:route-table/rtb-0fc375ecdc730a200",
            "id": "rtb-0fc375ecdc730a200",
            "owner_id": "336670698191",
            "propagating_vgws": [],
            "region": "us-east-1",
            "route": [
              {
                "carrier_gateway_id": "",
                "cidr_block": "0.0.0.0/0",
                "core_network_arn": "",
                "destination_prefix_list_id": "",
                "egress_only_gateway_id": "",
                "gateway_id": "",
                "ipv6_cidr_block": "",
                "local_gateway_id": "",
                "nat_gateway_id": "nat-044015d34c2a71288",
                "network_interface_id": "",
                "transit_gateway_id": "",
                "vpc_endpoint_id": "",
                "vpc_peering_connection_id": ""
              }
            ],
            "tags": {
              "name": "priv-rt"
            },
            "tags_all": {
              "name": "priv-rt"
            },
            "timeouts": null,
            "vpc_id": "vpc-0e7ba37d6b435c7a4"
          },
          "sensitive_attributes": [],
          "identity_schema_version": 0,
          "identity": {
            "account_id": "336670698191",
            "id": "rtb-0fc375ecdc730a200",
            "region": "us-east-1"
          },
          "private": "eyJlMmJmYjczMC1lY2FhLTExZTYtOGY4OC0zNDM2M2JjN2M0YzAiOnsiY3JlYXRlIjozMDAwMDAwMDAwMDAsImRlbGV0ZSI6MzAwMDAwMDAwMDAwLCJ1cGRhdGUiOjEyMDAwMDAwMDAwMH19",
          "dependencies": [
            "module.network.aws_eip.my_eip",
            "module.network.aws_internet_gateway.igw_data_panel",
            "module.network.aws_nat_gateway.my_nat",
            "module.network.aws_subnet.pub_sub",
            "module.network.aws_vpc.vpc_data_panel"
          ]
        }
      ]
    },
    {
      "module": "module.network",
      "mode": "managed",
      "type": "aws_route_table",
      "name": "pub_rt",
      "provider": "provider[\"registry.terraform.io/hashicorp/aws\"]",
      "instances": [
        {
          "schema_version": 0,
          "attributes": {
            "arn": "arn:aws:ec2:us-east-1:336670698191:route-table/rtb-09418b869a2c1372a",
            "id": "rtb-09418b869a2c1372a",
            "owner_id": "336670698191",
            "propagating_vgws": [],
            "region": "us-east-1",
            "route": [
              {
                "carrier_gateway_id": "",
                "cidr_block": "0.0.0.0/0",
                "core_network_arn": "",
                "destination_prefix_list_id": "",
                "egress_only_gateway_id": "",
                "gateway_id": "igw-0cc20d64ae5faf16f",
                "ipv6_cidr_block": "",
                "local_gateway_id": "",
                "nat_gateway_id": "",
                "network_interface_id": "",
                "transit_gateway_id": "",
                "vpc_endpoint_id": "",
                "vpc_peering_connection_id": ""
              }
            ],
            "tags": {
              "name": "pub-rt"
            },
            "tags_all": {
              "name": "pub-rt"
            },
            "timeouts": null,
            "vpc_id": "vpc-0e7ba37d6b435c7a4"
          },
          "sensitive_attributes": [],
          "identity_schema_version": 0,
          "identity": {
            "account_id": "336670698191",
            "id": "rtb-09418b869a2c1372a",
            "region": "us-east-1"
          },
          "private": "eyJlMmJmYjczMC1lY2FhLTExZTYtOGY4OC0zNDM2M2JjN2M0YzAiOnsiY3JlYXRlIjozMDAwMDAwMDAwMDAsImRlbGV0ZSI6MzAwMDAwMDAwMDAwLCJ1cGRhdGUiOjEyMDAwMDAwMDAwMH19",
          "dependencies": [
            "module.network.aws_internet_gateway.igw_data_panel",
            "module.network.aws_vpc.vpc_data_panel"
          ]
        }
      ]
    },
    {
      "module": "module.network",
      "mode": "managed",
      "type": "aws_route_table_association",
      "name": "priv_rt_assoc",
      "provider": "provider[\"registry.terraform.io/hashicorp/aws\"]",
      "instances": [
        {
          "index_key": 0,
          "schema_version": 0,
          "attributes": {
            "gateway_id": "",
            "id": "rtbassoc-07a744b409df4e309",
            "region": "us-east-1",
            "route_table_id": "rtb-0fc375ecdc730a200",
            "subnet_id": "subnet-08d4ae4ac25526fc0",
            "timeouts": null
          },
          "sensitive_attributes": [],
          "identity_schema_version": 0,
          "private": "eyJlMmJmYjczMC1lY2FhLTExZTYtOGY4OC0zNDM2M2JjN2M0YzAiOnsiY3JlYXRlIjozMDAwMDAwMDAwMDAsImRlbGV0ZSI6MzAwMDAwMDAwMDAwLCJ1cGRhdGUiOjEyMDAwMDAwMDAwMH19",
          "dependencies": [
            "module.network.aws_eip.my_eip",
            "module.network.aws_internet_gateway.igw_data_panel",
            "module.network.aws_nat_gateway.my_nat",
            "module.network.aws_route_table.priv_rt",
            "module.network.aws_subnet.priv_sub",
            "module.network.aws_subnet.pub_sub",
            "module.network.aws_vpc.vpc_data_panel"
          ]
        },
        {
          "index_key": 1,
          "schema_version": 0,
          "attributes": {
            "gateway_id": "",
            "id": "rtbassoc-0bccabb766283e424",
            "region": "us-east-1",
            "route_table_id": "rtb-0fc375ecdc730a200",
            "subnet_id": "subnet-0dd5575dbb9fccf89",
            "timeouts": null
          },
          "sensitive_attributes": [],
          "identity_schema_version": 0,
          "private": "eyJlMmJmYjczMC1lY2FhLTExZTYtOGY4OC0zNDM2M2JjN2M0YzAiOnsiY3JlYXRlIjozMDAwMDAwMDAwMDAsImRlbGV0ZSI6MzAwMDAwMDAwMDAwLCJ1cGRhdGUiOjEyMDAwMDAwMDAwMH19",
          "dependencies": [
            "module.network.aws_eip.my_eip",
            "module.network.aws_internet_gateway.igw_data_panel",
            "module.network.aws_nat_gateway.my_nat",
            "module.network.aws_route_table.priv_rt",
            "module.network.aws_subnet.priv_sub",
            "module.network.aws_subnet.pub_sub",
            "module.network.aws_vpc.vpc_data_panel"
          ]
        }
      ]
    },
    {
      "module": "module.network",
      "mode": "managed",
      "type": "aws_route_table_association",
      "name": "pub_rt_assoc",
      "provider": "provider[\"registry.terraform.io/hashicorp/aws\"]",
      "instances": [
        {
          "index_key": 0,
          "schema_version": 0,
          "attributes": {
            "gateway_id": "",
            "id": "rtbassoc-01ca4add34e731903",
            "region": "us-east-1",
            "route_table_id": "rtb-09418b869a2c1372a",
            "subnet_id": "subnet-0a00f2388cd2ecc76",
            "timeouts": null
          },
          "sensitive_attributes": [],
          "identity_schema_version": 0,
          "private": "eyJlMmJmYjczMC1lY2FhLTExZTYtOGY4OC0zNDM2M2JjN2M0YzAiOnsiY3JlYXRlIjozMDAwMDAwMDAwMDAsImRlbGV0ZSI6MzAwMDAwMDAwMDAwLCJ1cGRhdGUiOjEyMDAwMDAwMDAwMH19",
          "dependencies": [
            "module.network.aws_internet_gateway.igw_data_panel",
            "module.network.aws_route_table.pub_rt",
            "module.network.aws_subnet.pub_sub",
            "module.network.aws_vpc.vpc_data_panel"
          ]
        },
        {
          "index_key": 1,
          "schema_version": 0,
          "attributes": {
            "gateway_id": "",
            "id": "rtbassoc-0603db9dfad413a02",
            "region": "us-east-1",
            "route_table_id": "rtb-09418b869a2c1372a",
            "subnet_id": "subnet-005d737db82900f42",
            "timeouts": null
          },
          "sensitive_attributes": [],
          "identity_schema_version": 0,
          "private": "eyJlMmJmYjczMC1lY2FhLTExZTYtOGY4OC0zNDM2M2JjN2M0YzAiOnsiY3JlYXRlIjozMDAwMDAwMDAwMDAsImRlbGV0ZSI6MzAwMDAwMDAwMDAwLCJ1cGRhdGUiOjEyMDAwMDAwMDAwMH19",
          "dependencies": [
            "module.network.aws_internet_gateway.igw_data_panel",
            "module.network.aws_route_table.pub_rt",
            "module.network.aws_subnet.pub_sub",
            "module.network.aws_vpc.vpc_data_panel"
          ]
        }
      ]
    },
    {
      "module": "module.network",
      "mode": "managed",
      "type": "aws_subnet",
      "name": "priv_sub",
      "provider": "provider[\"registry.terraform.io/hashicorp/aws\"]",
      "instances": [
        {
          "index_key": 0,
          "schema_version": 1,
          "attributes": {
            "arn": "arn:aws:ec2:us-east-1:336670698191:subnet/subnet-08d4ae4ac25526fc0",
            "assign_ipv6_address_on_creation": false,
            "availability_zone": "us-east-1a",
            "availability_zone_id": "use1-az1",
            "cidr_block": "10.70.0.0/24",
            "customer_owned_ipv4_pool": "",
            "enable_dns64": false,
            "enable_lni_at_device_index": 0,
            "enable_resource_name_dns_a_record_on_launch": false,
            "enable_resource_name_dns_aaaa_record_on_launch": false,
            "id": "subnet-08d4ae4ac25526fc0",
            "ipv4_ipam_pool_id": null,
            "ipv4_netmask_length": null,
            "ipv6_cidr_block": "",
            "ipv6_cidr_block_association_id": "",
            "ipv6_ipam_pool_id": null,
            "ipv6_native": false,
            "ipv6_netmask_length": null,
            "map_customer_owned_ip_on_launch": false,
            "map_public_ip_on_launch": false,
            "outpost_arn": "",
            "owner_id": "336670698191",
            "private_dns_hostname_type_on_launch": "ip-name",
            "region": "us-east-1",
            "tags": {
              "kubernetes.io/cluster/priv-cluster-eks": "shared",
              "kubernetes.io/role/internal-elb": "1",
              "name": "priv-sub-0"
            },
            "tags_all": {
              "kubernetes.io/cluster/priv-cluster-eks": "shared",
              "kubernetes.io/role/internal-elb": "1",
              "name": "priv-sub-0"
            },
            "timeouts": null,
            "vpc_id": "vpc-0e7ba37d6b435c7a4"
          },
          "sensitive_attributes": [],
          "identity_schema_version": 0,
          "identity": {
            "account_id": "336670698191",
            "id": "subnet-08d4ae4ac25526fc0",
            "region": "us-east-1"
          },
          "private": "eyJlMmJmYjczMC1lY2FhLTExZTYtOGY4OC0zNDM2M2JjN2M0YzAiOnsiY3JlYXRlIjo2MDAwMDAwMDAwMDAsImRlbGV0ZSI6MTIwMDAwMDAwMDAwMH0sInNjaGVtYV92ZXJzaW9uIjoiMSJ9",
          "dependencies": [
            "module.network.aws_vpc.vpc_data_panel"
          ]
        },
        {
          "index_key": 1,
          "schema_version": 1,
          "attributes": {
            "arn": "arn:aws:ec2:us-east-1:336670698191:subnet/subnet-0dd5575dbb9fccf89",
            "assign_ipv6_address_on_creation": false,
            "availability_zone": "us-east-1b",
            "availability_zone_id": "use1-az2",
            "cidr_block": "10.70.1.0/24",
            "customer_owned_ipv4_pool": "",
            "enable_dns64": false,
            "enable_lni_at_device_index": 0,
            "enable_resource_name_dns_a_record_on_launch": false,
            "enable_resource_name_dns_aaaa_record_on_launch": false,
            "id": "subnet-0dd5575dbb9fccf89",
            "ipv4_ipam_pool_id": null,
            "ipv4_netmask_length": null,
            "ipv6_cidr_block": "",
            "ipv6_cidr_block_association_id": "",
            "ipv6_ipam_pool_id": null,
            "ipv6_native": false,
            "ipv6_netmask_length": null,
            "map_customer_owned_ip_on_launch": false,
            "map_public_ip_on_launch": false,
            "outpost_arn": "",
            "owner_id": "336670698191",
            "private_dns_hostname_type_on_launch": "ip-name",
            "region": "us-east-1",
            "tags": {
              "kubernetes.io/cluster/priv-cluster-eks": "shared",
              "kubernetes.io/role/internal-elb": "1",
              "name": "priv-sub-1"
            },
            "tags_all": {
              "kubernetes.io/cluster/priv-cluster-eks": "shared",
              "kubernetes.io/role/internal-elb": "1",
              "name": "priv-sub-1"
            },
            "timeouts": null,
            "vpc_id": "vpc-0e7ba37d6b435c7a4"
          },
          "sensitive_attributes": [],
          "identity_schema_version": 0,
          "identity": {
            "account_id": "336670698191",
            "id": "subnet-0dd5575dbb9fccf89",
            "region": "us-east-1"
          },
          "private": "eyJlMmJmYjczMC1lY2FhLTExZTYtOGY4OC0zNDM2M2JjN2M0YzAiOnsiY3JlYXRlIjo2MDAwMDAwMDAwMDAsImRlbGV0ZSI6MTIwMDAwMDAwMDAwMH0sInNjaGVtYV92ZXJzaW9uIjoiMSJ9",
          "dependencies": [
            "module.network.aws_vpc.vpc_data_panel"
          ]
        }
      ]
    },
    {
      "module": "module.network",
      "mode": "managed",
      "type": "aws_subnet",
      "name": "pub_sub",
      "provider": "provider[\"registry.terraform.io/hashicorp/aws\"]",
      "instances": [
        {
          "index_key": 0,
          "schema_version": 1,
          "attributes": {
            "arn": "arn:aws:ec2:us-east-1:336670698191:subnet/subnet-0a00f2388cd2ecc76",
            "assign_ipv6_address_on_creation": false,
            "availability_zone": "us-east-1a",
            "availability_zone_id": "use1-az1",
            "cidr_block": "10.70.2.0/24",
            "customer_owned_ipv4_pool": "",
            "enable_dns64": false,
            "enable_lni_at_device_index": 0,
            "enable_resource_name_dns_a_record_on_launch": false,
            "enable_resource_name_dns_aaaa_record_on_launch": false,
            "id": "subnet-0a00f2388cd2ecc76",
            "ipv4_ipam_pool_id": null,
            "ipv4_netmask_length": null,
            "ipv6_cidr_block": "",
            "ipv6_cidr_block_association_id": "",
            "ipv6_ipam_pool_id": null,
            "ipv6_native": false,
            "ipv6_netmask_length": null,
            "map_customer_owned_ip_on_launch": false,
            "map_public_ip_on_launch": true,
            "outpost_arn": "",
            "owner_id": "336670698191",
            "private_dns_hostname_type_on_launch": "ip-name",
            "region": "us-east-1",
            "tags": {
              "kubernetes.io/cluster/priv-cluster-eks": "shared",
              "kubernetes.io/role/elb": "1",
              "name": "pub-sub-0"
            },
            "tags_all": {
              "kubernetes.io/cluster/priv-cluster-eks": "shared",
              "kubernetes.io/role/elb": "1",
              "name": "pub-sub-0"
            },
            "timeouts": null,
            "vpc_id": "vpc-0e7ba37d6b435c7a4"
          },
          "sensitive_attributes": [],
          "identity_schema_version": 0,
          "identity": {
            "account_id": "336670698191",
            "id": "subnet-0a00f2388cd2ecc76",
            "region": "us-east-1"
          },
          "private": "eyJlMmJmYjczMC1lY2FhLTExZTYtOGY4OC0zNDM2M2JjN2M0YzAiOnsiY3JlYXRlIjo2MDAwMDAwMDAwMDAsImRlbGV0ZSI6MTIwMDAwMDAwMDAwMH0sInNjaGVtYV92ZXJzaW9uIjoiMSJ9",
          "dependencies": [
            "module.network.aws_vpc.vpc_data_panel"
          ]
        },
        {
          "index_key": 1,
          "schema_version": 1,
          "attributes": {
            "arn": "arn:aws:ec2:us-east-1:336670698191:subnet/subnet-005d737db82900f42",
            "assign_ipv6_address_on_creation": false,
            "availability_zone": "us-east-1b",
            "availability_zone_id": "use1-az2",
            "cidr_block": "10.70.3.0/24",
            "customer_owned_ipv4_pool": "",
            "enable_dns64": false,
            "enable_lni_at_device_index": 0,
            "enable_resource_name_dns_a_record_on_launch": false,
            "enable_resource_name_dns_aaaa_record_on_launch": false,
            "id": "subnet-005d737db82900f42",
            "ipv4_ipam_pool_id": null,
            "ipv4_netmask_length": null,
            "ipv6_cidr_block": "",
            "ipv6_cidr_block_association_id": "",
            "ipv6_ipam_pool_id": null,
            "ipv6_native": false,
            "ipv6_netmask_length": null,
            "map_customer_owned_ip_on_launch": false,
            "map_public_ip_on_launch": true,
            "outpost_arn": "",
            "owner_id": "336670698191",
            "private_dns_hostname_type_on_launch": "ip-name",
            "region": "us-east-1",
            "tags": {
              "kubernetes.io/cluster/priv-cluster-eks": "shared",
              "kubernetes.io/role/elb": "1",
              "name": "pub-sub-1"
            },
            "tags_all": {
              "kubernetes.io/cluster/priv-cluster-eks": "shared",
              "kubernetes.io/role/elb": "1",
              "name": "pub-sub-1"
            },
            "timeouts": null,
            "vpc_id": "vpc-0e7ba37d6b435c7a4"
          },
          "sensitive_attributes": [],
          "identity_schema_version": 0,
          "identity": {
            "account_id": "336670698191",
            "id": "subnet-005d737db82900f42",
            "region": "us-east-1"
          },
          "private": "eyJlMmJmYjczMC1lY2FhLTExZTYtOGY4OC0zNDM2M2JjN2M0YzAiOnsiY3JlYXRlIjo2MDAwMDAwMDAwMDAsImRlbGV0ZSI6MTIwMDAwMDAwMDAwMH0sInNjaGVtYV92ZXJzaW9uIjoiMSJ9",
          "dependencies": [
            "module.network.aws_vpc.vpc_data_panel"
          ]
        }
      ]
    },
    {
      "module": "module.network",
      "mode": "managed",
      "type": "aws_vpc",
      "name": "vpc_data_panel",
      "provider": "provider[\"registry.terraform.io/hashicorp/aws\"]",
      "instances": [
        {
          "schema_version": 1,
          "attributes": {
            "arn": "arn:aws:ec2:us-east-1:336670698191:vpc/vpc-0e7ba37d6b435c7a4",
            "assign_generated_ipv6_cidr_block": false,
            "cidr_block": "10.70.0.0/16",
            "default_network_acl_id": "acl-08dce5e8e68239d9d",
            "default_route_table_id": "rtb-0a3fa8a529b92a32e",
            "default_security_group_id": "sg-0b09c5a4e12662382",
            "dhcp_options_id": "dopt-09a5de02bb2a0880e",
            "enable_dns_hostnames": true,
            "enable_dns_support": true,
            "enable_network_address_usage_metrics": false,
            "id": "vpc-0e7ba37d6b435c7a4",
            "instance_tenancy": "default",
            "ipv4_ipam_pool_id": null,
            "ipv4_netmask_length": null,
            "ipv6_association_id": "",
            "ipv6_cidr_block": "",
            "ipv6_cidr_block_network_border_group": "",
            "ipv6_ipam_pool_id": "",
            "ipv6_netmask_length": 0,
            "main_route_table_id": "rtb-0a3fa8a529b92a32e",
            "owner_id": "336670698191",
            "region": "us-east-1",
            "tags": {
              "name": "my-vpc-data-panel"
            },
            "tags_all": {
              "name": "my-vpc-data-panel"
            }
          },
          "sensitive_attributes": [],
          "identity_schema_version": 0,
          "identity": {
            "account_id": "336670698191",
            "id": "vpc-0e7ba37d6b435c7a4",
            "region": "us-east-1"
          },
          "private": "eyJzY2hlbWFfdmVyc2lvbiI6IjEifQ=="
        }
      ]
    },
    {
      "module": "module.oidc_eks",
      "mode": "data",
      "type": "tls_certificate",
      "name": "eks_oidc",
      "provider": "provider[\"registry.terraform.io/hashicorp/tls\"]",
      "instances": [
        {
          "schema_version": 0,
          "attributes": {
            "certificates": [
              {
                "cert_pem": "-----BEGIN CERTIFICATE-----\nMIIEkjCCA3qgAwIBAgITBn+USionzfP6wq4rAfkI7rnExjANBgkqhkiG9w0BAQsF\nADCBmDELMAkGA1UEBhMCVVMxEDAOBgNVBAgTB0FyaXpvbmExEzARBgNVBAcTClNj\nb3R0c2RhbGUxJTAjBgNVBAoTHFN0YXJmaWVsZCBUZWNobm9sb2dpZXMsIEluYy4x\nOzA5BgNVBAMTMlN0YXJmaWVsZCBTZXJ2aWNlcyBSb290IENlcnRpZmljYXRlIEF1\ndGhvcml0eSAtIEcyMB4XDTE1MDUyNTEyMDAwMFoXDTM3MTIzMTAxMDAwMFowOTEL\nMAkGA1UEBhMCVVMxDzANBgNVBAoTBkFtYXpvbjEZMBcGA1UEAxMQQW1hem9uIFJv\nb3QgQ0EgMTCCASIwDQYJKoZIhvcNAQEBBQADggEPADCCAQoCggEBALJ4gHHKeNXj\nca9HgFB0fW7Y14h29Jlo91ghYPl0hAEvrAIthtOgQ3pOsqTQNroBvo3bSMgHFzZM\n9O6II8c+6zf1tRn4SWiw3te5djgdYZ6k/oI2peVKVuRF4fn9tBb6dNqcmzU5L/qw\nIFAGbHrQgLKm+a/sRxmPUDgH3KKHOVj4utWp+UhnMJbulHheb4mjUcAwhmahRWa6\nVOujw5H5SNz/0egwLX0tdHA114gk957EWW67c4cX8jJGKLhD+rcdqsq08p8kDi1L\n93FcXmn/6pUCyziKrlA4b9v7LWIbxcceVOF34GfID5yHI9Y/QCB/IIDEgEw+OyQm\njgSubJrIqg0CAwEAAaOCATEwggEtMA8GA1UdEwEB/wQFMAMBAf8wDgYDVR0PAQH/\nBAQDAgGGMB0GA1UdDgQWBBSEGMyFNOy8DJSULghZnMeyEE4KCDAfBgNVHSMEGDAW\ngBScXwDfqgHXMCs4iKK4bUqc8hGRgzB4BggrBgEFBQcBAQRsMGowLgYIKwYBBQUH\nMAGGImh0dHA6Ly9vY3NwLnJvb3RnMi5hbWF6b250cnVzdC5jb20wOAYIKwYBBQUH\nMAKGLGh0dHA6Ly9jcnQucm9vdGcyLmFtYXpvbnRydXN0LmNvbS9yb290ZzIuY2Vy\nMD0GA1UdHwQ2MDQwMqAwoC6GLGh0dHA6Ly9jcmwucm9vdGcyLmFtYXpvbnRydXN0\nLmNvbS9yb290ZzIuY3JsMBEGA1UdIAQKMAgwBgYEVR0gADANBgkqhkiG9w0BAQsF\nAAOCAQEAYjdCXLwQtT6LLOkMm2xF4gcAevnFWAu5CIw+7bMlPLVvUOTNNWqnkzSW\nMiGpSESrnO09tKpzbeR/FoCJbM8oAxiDR3mjEH4wW6w7sGDgd9QIpuEdfF7Au/ma\neyKdpwAJfqxGF4PcnCZXmTA5YpaP7dreqsXMGz7KQ2hsVxa81Q4gLv7/wmpdLqBK\nbRRYh5TmOTFffHPLkIhqhBGWJ6bt2YFGpn6jcgAKUj6DiAdjd4lpFw85hdKrCEVN\n0FE6/V1dN2RMfjCyVSRCnTawXZwXgWHxyvkQAiSr6w10kY17RSlQOYiypok1JR4U\nakcjMS9cmvqtmg5iUaQqqcT5NJ0hGA==\n-----END CERTIFICATE-----\n",
                "is_ca": true,
                "issuer": "CN=Starfield Services Root Certificate Authority - G2,O=Starfield Technologies\\, Inc.,L=Scottsdale,ST=Arizona,C=US",
                "max_path_length": -1,
                "not_after": "2037-12-31T01:00:00Z",
                "not_before": "2015-05-25T12:00:00Z",
                "public_key_algorithm": "RSA",
                "serial_number": "144918191876577076464031512351042010504348870",
                "sha1_fingerprint": "06b25927c42a721631c1efd9431e648fa62e1e39",
                "signature_algorithm": "SHA256-RSA",
                "subject": "CN=Amazon Root CA 1,O=Amazon,C=US",
                "version": 3
              },
              {
                "cert_pem": "-----BEGIN CERTIFICATE-----\nMIIEXjCCA0agAwIBAgITB3MSOAudZoijOx7Zv5zNpo4ODzANBgkqhkiG9w0BAQsF\nADA5MQswCQYDVQQGEwJVUzEPMA0GA1UEChMGQW1hem9uMRkwFwYDVQQDExBBbWF6\nb24gUm9vdCBDQSAxMB4XDTIyMDgyMzIyMjEyOFoXDTMwMDgyMzIyMjEyOFowPDEL\nMAkGA1UEBhMCVVMxDzANBgNVBAoTBkFtYXpvbjEcMBoGA1UEAxMTQW1hem9uIFJT\nQSAyMDQ4IE0wMTCCASIwDQYJKoZIhvcNAQEBBQADggEPADCCAQoCggEBAOtxLKnL\nH4gokjIwr4pXD3i3NyWVVYesZ1yX0yLI2qIUZ2t88Gfa4gMqs1YSXca1R/lnCKeT\nepWSGA+0+fkQNpp/L4C2T7oTTsddUx7g3ZYzByDTlrwS5HRQQqEFE3O1T5tEJP4t\nf+28IoXsNiEzl3UGzicYgtzj2cWCB41eJgEmJmcf2T8TzzK6a614ZPyq/w4CPAff\nnAV4coz96nW3AyiE2uhuB4zQUIXvgVSycW7sbWLvj5TDXunEpNCRwC4kkZjK7rol\njtT2cbb7W2s4Bkg3R42G3PLqBvt2N32e/0JOTViCk8/iccJ4sXqrS1uUN4iB5Nmv\nJK74csVl+0u0UecCAwEAAaOCAVowggFWMBIGA1UdEwEB/wQIMAYBAf8CAQAwDgYD\nVR0PAQH/BAQDAgGGMB0GA1UdJQQWMBQGCCsGAQUFBwMBBggrBgEFBQcDAjAdBgNV\nHQ4EFgQUgbgOY4qJEhjl+js7UJWf5uWQE4UwHwYDVR0jBBgwFoAUhBjMhTTsvAyU\nlC4IWZzHshBOCggwewYIKwYBBQUHAQEEbzBtMC8GCCsGAQUFBzABhiNodHRwOi8v\nb2NzcC5yb290Y2ExLmFtYXpvbnRydXN0LmNvbTA6BggrBgEFBQcwAoYuaHR0cDov\nL2NydC5yb290Y2ExLmFtYXpvbnRydXN0LmNvbS9yb290Y2ExLmNlcjA/BgNVHR8E\nODA2MDSgMqAwhi5odHRwOi8vY3JsLnJvb3RjYTEuYW1hem9udHJ1c3QuY29tL3Jv\nb3RjYTEuY3JsMBMGA1UdIAQMMAowCAYGZ4EMAQIBMA0GCSqGSIb3DQEBCwUAA4IB\nAQCtAN4CBSMuBjJitGuxlBbkEUDeK/pZwTXv4KqPK0G50fOHOQAd8j21p0cMBgbG\nkfMHVwLU7b0XwZCav0h1ogdPMN1KakK1DT0VwA/+hFvGPJnMV1Kx2G4S1ZaSk0uU\n5QfoiYIIano01J5k4T2HapKQmmOhS/iPtuo00wW+IMLeBuKMn3OLn005hcrOGTad\nhcmeyfhQP7Z+iKHvyoQGi1C0ClymHETx/chhQGDyYSWqB/THwnN15AwLQo0E5V9E\nSJlbe4mBlqeInUsNYugExNf+tOiybcrswBy8OFsd34XOW3rjSUtsuafd9AWySa3h\nxRRrwszrzX/WWGm6wyB+f7C4\n-----END CERTIFICATE-----\n",
                "is_ca": true,
                "issuer": "CN=Amazon Root CA 1,O=Amazon,C=US",
                "max_path_length": 0,
                "not_after": "2030-08-23T22:21:28Z",
                "not_before": "2022-08-23T22:21:28Z",
                "public_key_algorithm": "RSA",
                "serial_number": "166129328851546858514271303855646110030630415",
                "sha1_fingerprint": "2ad974a775f73cbdbbd8f5ac3a49255fa8fb1f8c",
                "signature_algorithm": "SHA256-RSA",
                "subject": "CN=Amazon RSA 2048 M01,O=Amazon,C=US",
                "version": 3
              },
              {
                "cert_pem": "-----BEGIN CERTIFICATE-----\nMIIF3DCCBMSgAwIBAgIQDWSUrLO5Y9qkm2y4CpQ/CTANBgkqhkiG9w0BAQsFADA8\nMQswCQYDVQQGEwJVUzEPMA0GA1UEChMGQW1hem9uMRwwGgYDVQQDExNBbWF6b24g\nUlNBIDIwNDggTTAxMB4XDTI2MDEyNzAwMDAwMFoXDTI3MDIyNTIzNTk1OVowKDEm\nMCQGA1UEAwwdKi5la3MudXMtZWFzdC0xLmFtYXpvbmF3cy5jb20wggEiMA0GCSqG\nSIb3DQEBAQUAA4IBDwAwggEKAoIBAQDjfWC3ScmP3Yt3ENQgpvZzbXg3ZqdR+F5k\n/SIXqF2RRdrDIu3B0CivVPkNbZxS4dUjum7WHRV3+cjhne679pLBzKp/aCqycyVr\nqiGvPsCOywSNgCQ7KGZ7fR9L0o4eQ5vsotNTjF1HDkoVGdjDt8qjFedVngnnLZ2f\n9E/tACJHoCXLbg1BLI/0xXQKZqLiLGUgcLhnZjYn6AW8QgXgGyJMwHo6n13wf8uY\n3RAaOWMsTglOfMrPMKclQBwh4OaWzHD3SLXnjAvdtuErZGWSz01pRY89FfxZWtSf\nxGG+ERvHMAoM2lIbV74Bs0B+qVVAxP658rpMbPevtRrlj+fYkFzvAgMBAAGjggLs\nMIIC6DAfBgNVHSMEGDAWgBSBuA5jiokSGOX6OztQlZ/m5ZAThTAdBgNVHQ4EFgQU\npzXKZp4CIP0/n8bNGf3YAZVaFtIwKAYDVR0RBCEwH4IdKi5la3MudXMtZWFzdC0x\nLmFtYXpvbmF3cy5jb20wEwYDVR0gBAwwCjAIBgZngQwBAgEwDgYDVR0PAQH/BAQD\nAgWgMBMGA1UdJQQMMAoGCCsGAQUFBwMBMDsGA1UdHwQ0MDIwMKAuoCyGKmh0dHA6\nLy9jcmwucjJtMDEuYW1hem9udHJ1c3QuY29tL3IybTAxLmNybDB1BggrBgEFBQcB\nAQRpMGcwLQYIKwYBBQUHMAGGIWh0dHA6Ly9vY3NwLnIybTAxLmFtYXpvbnRydXN0\nLmNvbTA2BggrBgEFBQcwAoYqaHR0cDovL2NydC5yMm0wMS5hbWF6b250cnVzdC5j\nb20vcjJtMDEuY2VyMAwGA1UdEwEB/wQCMAAwggF+BgorBgEEAdZ5AgQCBIIBbgSC\nAWoBaAB1AExj3JjlnB2riPYeij3ero+rRKM3e1+blMP7oZz8wb4mAAABm/3p2vcA\nAAQDAEYwRAIgOCwhiOx8FXqVNu1L+Mv2q8pJCKzIqLFwCE6VAugMkb0CIBu7W9o8\nRWfC1A9XjVWFxJ0uIquBPcEycQMNc8pRKAJFAHcAHJ9oLOn68EVpUPgbloqH3dsy\nENhM5siy44JSSsTPWZ8AAAGb/ena3wAABAMASDBGAiEAjAu69L5N17FqPfmXSt1v\ngM+df4yz50M/fb2LDfmx+xECIQC3B3aoHVNsjqYMmqwQgR4ViKIREwNzCYKBm+W0\nGnlwnwB2AGBMmq96f3dfAdQG/JINyJnrCxx9+MlSG/r6F3c7l4vJAAABm/3p28gA\nAAQDAEcwRQIgMiBVCk6C4EylG885QJIv8X2wpplMtdWJxyt3JVQ56NUCIQC6uZDM\nw0VrwTXkW4eLg73D5Z89Z8tadQwizoXyjBAaYjANBgkqhkiG9w0BAQsFAAOCAQEA\nHMEZInJfTjgc0JTF+C7ZR/8rk1c511SMI9RcmNjnrkoP3pBPQTSEU92bGaCYvOYO\nRMB1bAOk/Ql9kDBSRDcKiOz8wPWZBgyJZRMSVyO5WbLM//8jsP83vmvFNbSo7Tuk\n5R6KAtzOMOymwITZeM6k4saoyB847rmlPDIkD/RRM0Col+Ik8+V3HSdHsnrA/3Ep\n1ICdUJvE0M9oEnbO2DWrCz6yOuz0AcfcmMGTBLqlsFdoJpcXj7c1QcCJaK1B7qaQ\nuQXdywqElVO6BrBxHQROLxjLHXMNblOzvrXYWGkhiQ+0cYYCMBtbhpphhebxnUBV\nuCxvp9/yY1GmsG6lwzLYEw==\n-----END CERTIFICATE-----\n",
                "is_ca": false,
                "issuer": "CN=Amazon RSA 2048 M01,O=Amazon,C=US",
                "max_path_length": -1,
                "not_after": "2027-02-25T23:59:59Z",
                "not_before": "2026-01-27T00:00:00Z",
                "public_key_algorithm": "RSA",
                "serial_number": "17802209110544621593474031143248740105",
                "sha1_fingerprint": "37647fee5fc063960139521aa2400c75db27825b",
                "signature_algorithm": "SHA256-RSA",
                "subject": "CN=*.eks.us-east-1.amazonaws.com",
                "version": 3
              }
            ],
            "content": null,
            "id": "b1b539daa206035ae3c3e28288b0681fa1b462f3",
            "url": "https://oidc.eks.us-east-1.amazonaws.com/id/A8DA337D57626B0167744BF44A96F2B9",
            "verify_chain": true
          },
          "sensitive_attributes": [],
          "identity_schema_version": 0
        }
      ]
    },
    {
      "module": "module.oidc_eks",
      "mode": "managed",
      "type": "aws_iam_openid_connect_provider",
      "name": "eks",
      "provider": "provider[\"registry.terraform.io/hashicorp/aws\"]",
      "instances": [
        {
          "schema_version": 0,
          "attributes": {
            "arn": "arn:aws:iam::336670698191:oidc-provider/oidc.eks.us-east-1.amazonaws.com/id/A8DA337D57626B0167744BF44A96F2B9",
            "client_id_list": [
              "sts.amazonaws.com"
            ],
            "id": "arn:aws:iam::336670698191:oidc-provider/oidc.eks.us-east-1.amazonaws.com/id/A8DA337D57626B0167744BF44A96F2B9",
            "tags": {},
            "tags_all": {},
            "thumbprint_list": [
              "06b25927c42a721631c1efd9431e648fa62e1e39",
              "2ad974a775f73cbdbbd8f5ac3a49255fa8fb1f8c",
              "37647fee5fc063960139521aa2400c75db27825b"
            ],
            "url": "oidc.eks.us-east-1.amazonaws.com/id/A8DA337D57626B0167744BF44A96F2B9"
          },
          "sensitive_attributes": [],
          "identity_schema_version": 0,
          "identity": {
            "arn": "arn:aws:iam::336670698191:oidc-provider/oidc.eks.us-east-1.amazonaws.com/id/A8DA337D57626B0167744BF44A96F2B9"
          },
          "private": "bnVsbA==",
          "dependencies": [
            "module.eks_cluster.aws_eks_access_entry.github_role_access",
            "module.eks_cluster.aws_eks_access_entry.user_access",
            "module.eks_cluster.aws_eks_access_policy_association.github_role_admin",
            "module.eks_cluster.aws_eks_access_policy_association.user_admin",
            "module.eks_cluster.aws_eks_cluster.eks_priv_endpoint",
            "module.eks_cluster.aws_iam_role.role_eks",
            "module.eks_cluster.aws_iam_role_policy_attachment.cluster_policy",
            "module.network.aws_subnet.priv_sub",
            "module.network.aws_vpc.vpc_data_panel",
            "module.oidc_eks.data.tls_certificate.eks_oidc",
            "module.workers_node.aws_iam_role.nodes_gr"
          ]
        }
      ]
    },
    {
      "module": "module.oidc_eks",
      "mode": "managed",
      "type": "aws_iam_policy",
      "name": "lbc",
      "provider": "provider[\"registry.terraform.io/hashicorp/aws\"]",
      "instances": [
        {
          "schema_version": 0,
          "attributes": {
            "arn": "arn:aws:iam::336670698191:policy/AWSLoadBalancerControllerIAMPolicy",
            "attachment_count": 1,
            "delay_after_policy_creation_in_ms": null,
            "description": "Official AWS Load Balancer Controller policy (customer-managed copy)",
            "id": "arn:aws:iam::336670698191:policy/AWSLoadBalancerControllerIAMPolicy",
            "name": "AWSLoadBalancerControllerIAMPolicy",
            "name_prefix": "",
            "path": "/",
            "policy": "{\"Statement\":[{\"Action\":[\"iam:CreateServiceLinkedRole\"],\"Condition\":{\"StringEquals\":{\"iam:AWSServiceName\":\"elasticloadbalancing.amazonaws.com\"}},\"Effect\":\"Allow\",\"Resource\":\"*\"},{\"Action\":[\"ec2:DescribeAccountAttributes\",\"ec2:DescribeAddresses\",\"ec2:DescribeAvailabilityZones\",\"ec2:DescribeInternetGateways\",\"ec2:DescribeVpcs\",\"ec2:DescribeVpcPeeringConnections\",\"ec2:DescribeSubnets\",\"ec2:DescribeSecurityGroups\",\"ec2:DescribeInstances\",\"ec2:DescribeNetworkInterfaces\",\"ec2:DescribeTags\",\"ec2:GetCoipPoolUsage\",\"ec2:DescribeCoipPools\",\"ec2:GetSecurityGroupsForVpc\",\"ec2:DescribeIpamPools\",\"ec2:DescribeRouteTables\",\"elasticloadbalancing:DescribeLoadBalancers\",\"elasticloadbalancing:DescribeLoadBalancerAttributes\",\"elasticloadbalancing:DescribeListeners\",\"elasticloadbalancing:DescribeListenerCertificates\",\"elasticloadbalancing:DescribeSSLPolicies\",\"elasticloadbalancing:DescribeRules\",\"elasticloadbalancing:DescribeTargetGroups\",\"elasticloadbalancing:DescribeTargetGroupAttributes\",\"elasticloadbalancing:DescribeTargetHealth\",\"elasticloadbalancing:DescribeTags\",\"elasticloadbalancing:DescribeTrustStores\",\"elasticloadbalancing:DescribeListenerAttributes\",\"elasticloadbalancing:DescribeCapacityReservation\"],\"Effect\":\"Allow\",\"Resource\":\"*\"},{\"Action\":[\"cognito-idp:DescribeUserPoolClient\",\"acm:ListCertificates\",\"acm:DescribeCertificate\",\"iam:ListServerCertificates\",\"iam:GetServerCertificate\",\"waf-regional:GetWebACL\",\"waf-regional:GetWebACLForResource\",\"waf-regional:AssociateWebACL\",\"waf-regional:DisassociateWebACL\",\"wafv2:GetWebACL\",\"wafv2:GetWebACLForResource\",\"wafv2:AssociateWebACL\",\"wafv2:DisassociateWebACL\",\"shield:GetSubscriptionState\",\"shield:DescribeProtection\",\"shield:CreateProtection\",\"shield:DeleteProtection\"],\"Effect\":\"Allow\",\"Resource\":\"*\"},{\"Action\":[\"ec2:AuthorizeSecurityGroupIngress\",\"ec2:RevokeSecurityGroupIngress\"],\"Effect\":\"Allow\",\"Resource\":\"*\"},{\"Action\":[\"ec2:CreateSecurityGroup\"],\"Effect\":\"Allow\",\"Resource\":\"*\"},{\"Action\":[\"ec2:CreateTags\"],\"Condition\":{\"Null\":{\"aws:RequestTag/elbv2.k8s.aws/cluster\":\"false\"},\"StringEquals\":{\"ec2:CreateAction\":\"CreateSecurityGroup\"}},\"Effect\":\"Allow\",\"Resource\":\"arn:aws:ec2:*:*:security-group/*\"},{\"Action\":[\"ec2:CreateTags\",\"ec2:DeleteTags\"],\"Condition\":{\"Null\":{\"aws:RequestTag/elbv2.k8s.aws/cluster\":\"true\",\"aws:ResourceTag/elbv2.k8s.aws/cluster\":\"false\"}},\"Effect\":\"Allow\",\"Resource\":\"arn:aws:ec2:*:*:security-group/*\"},{\"Action\":[\"ec2:AuthorizeSecurityGroupIngress\",\"ec2:RevokeSecurityGroupIngress\",\"ec2:DeleteSecurityGroup\"],\"Condition\":{\"Null\":{\"aws:ResourceTag/elbv2.k8s.aws/cluster\":\"false\"}},\"Effect\":\"Allow\",\"Resource\":\"*\"},{\"Action\":[\"elasticloadbalancing:CreateLoadBalancer\",\"elasticloadbalancing:CreateTargetGroup\"],\"Condition\":{\"Null\":{\"aws:RequestTag/elbv2.k8s.aws/cluster\":\"false\"}},\"Effect\":\"Allow\",\"Resource\":\"*\"},{\"Action\":[\"elasticloadbalancing:CreateListener\",\"elasticloadbalancing:DeleteListener\",\"elasticloadbalancing:CreateRule\",\"elasticloadbalancing:DeleteRule\"],\"Effect\":\"Allow\",\"Resource\":\"*\"},{\"Action\":[\"elasticloadbalancing:AddTags\",\"elasticloadbalancing:RemoveTags\"],\"Condition\":{\"Null\":{\"aws:RequestTag/elbv2.k8s.aws/cluster\":\"true\",\"aws:ResourceTag/elbv2.k8s.aws/cluster\":\"false\"}},\"Effect\":\"Allow\",\"Resource\":[\"arn:aws:elasticloadbalancing:*:*:targetgroup/*/*\",\"arn:aws:elasticloadbalancing:*:*:loadbalancer/net/*/*\",\"arn:aws:elasticloadbalancing:*:*:loadbalancer/app/*/*\"]},{\"Action\":[\"elasticloadbalancing:AddTags\",\"elasticloadbalancing:RemoveTags\"],\"Effect\":\"Allow\",\"Resource\":[\"arn:aws:elasticloadbalancing:*:*:listener/net/*/*/*\",\"arn:aws:elasticloadbalancing:*:*:listener/app/*/*/*\",\"arn:aws:elasticloadbalancing:*:*:listener-rule/net/*/*/*\",\"arn:aws:elasticloadbalancing:*:*:listener-rule/app/*/*/*\"]},{\"Action\":[\"elasticloadbalancing:ModifyLoadBalancerAttributes\",\"elasticloadbalancing:SetIpAddressType\",\"elasticloadbalancing:SetSecurityGroups\",\"elasticloadbalancing:SetSubnets\",\"elasticloadbalancing:DeleteLoadBalancer\",\"elasticloadbalancing:ModifyTargetGroup\",\"elasticloadbalancing:ModifyTargetGroupAttributes\",\"elasticloadbalancing:DeleteTargetGroup\",\"elasticloadbalancing:ModifyListenerAttributes\",\"elasticloadbalancing:ModifyCapacityReservation\",\"elasticloadbalancing:ModifyIpPools\"],\"Condition\":{\"Null\":{\"aws:ResourceTag/elbv2.k8s.aws/cluster\":\"false\"}},\"Effect\":\"Allow\",\"Resource\":\"*\"},{\"Action\":[\"elasticloadbalancing:AddTags\"],\"Condition\":{\"Null\":{\"aws:RequestTag/elbv2.k8s.aws/cluster\":\"false\"},\"StringEquals\":{\"elasticloadbalancing:CreateAction\":[\"CreateTargetGroup\",\"CreateLoadBalancer\"]}},\"Effect\":\"Allow\",\"Resource\":[\"arn:aws:elasticloadbalancing:*:*:targetgroup/*/*\",\"arn:aws:elasticloadbalancing:*:*:loadbalancer/net/*/*\",\"arn:aws:elasticloadbalancing:*:*:loadbalancer/app/*/*\"]},{\"Action\":[\"elasticloadbalancing:RegisterTargets\",\"elasticloadbalancing:DeregisterTargets\"],\"Effect\":\"Allow\",\"Resource\":\"arn:aws:elasticloadbalancing:*:*:targetgroup/*/*\"},{\"Action\":[\"elasticloadbalancing:SetWebAcl\",\"elasticloadbalancing:ModifyListener\",\"elasticloadbalancing:AddListenerCertificates\",\"elasticloadbalancing:RemoveListenerCertificates\",\"elasticloadbalancing:ModifyRule\",\"elasticloadbalancing:SetRulePriorities\"],\"Effect\":\"Allow\",\"Resource\":\"*\"}],\"Version\":\"2012-10-17\"}",
            "policy_id": "ANPAU4YZDFLHT4BLQSWC2",
            "tags": {},
            "tags_all": {}
          },
          "sensitive_attributes": [],
          "identity_schema_version": 0,
          "identity": {
            "arn": "arn:aws:iam::336670698191:policy/AWSLoadBalancerControllerIAMPolicy"
          },
          "private": "bnVsbA==",
          "dependencies": [
            "module.eks_cluster.aws_eks_access_entry.github_role_access",
            "module.eks_cluster.aws_eks_access_entry.user_access",
            "module.eks_cluster.aws_eks_access_policy_association.github_role_admin",
            "module.eks_cluster.aws_eks_access_policy_association.user_admin",
            "module.eks_cluster.aws_eks_cluster.eks_priv_endpoint",
            "module.eks_cluster.aws_iam_role.role_eks",
            "module.eks_cluster.aws_iam_role_policy_attachment.cluster_policy",
            "module.network.aws_subnet.priv_sub",
            "module.network.aws_vpc.vpc_data_panel",
            "module.workers_node.aws_iam_role.nodes_gr"
          ]
        }
      ]
    },
    {
      "module": "module.oidc_eks",
      "mode": "managed",
      "type": "aws_iam_role",
      "name": "alb_controller",
      "provider": "provider[\"registry.terraform.io/hashicorp/aws\"]",
      "instances": [
        {
          "schema_version": 0,
          "attributes": {
            "arn": "arn:aws:iam::336670698191:role/alb-controller-role",
            "assume_role_policy": "{\"Statement\":[{\"Action\":\"sts:AssumeRoleWithWebIdentity\",\"Condition\":{\"StringEquals\":{\"oidc.eks.us-east-1.amazonaws.com/id/A8DA337D57626B0167744BF44A96F2B9:aud\":\"sts.amazonaws.com\",\"oidc.eks.us-east-1.amazonaws.com/id/A8DA337D57626B0167744BF44A96F2B9:sub\":\"system:serviceaccount:kube-system:aws-load-balancer-controller\"}},\"Effect\":\"Allow\",\"Principal\":{\"Federated\":\"arn:aws:iam::336670698191:oidc-provider/oidc.eks.us-east-1.amazonaws.com/id/A8DA337D57626B0167744BF44A96F2B9\"}}],\"Version\":\"2012-10-17\"}",
            "create_date": "2026-03-02T15:08:22Z",
            "description": "",
            "force_detach_policies": false,
            "id": "alb-controller-role",
            "inline_policy": [],
            "managed_policy_arns": [
              "arn:aws:iam::336670698191:policy/AWSLoadBalancerControllerIAMPolicy"
            ],
            "max_session_duration": 3600,
            "name": "alb-controller-role",
            "name_prefix": "",
            "path": "/",
            "permissions_boundary": "",
            "tags": {},
            "tags_all": {},
            "unique_id": "AROAU4YZDFLH3YAH4GW4M"
          },
          "sensitive_attributes": [],
          "identity_schema_version": 0,
          "identity": {
            "account_id": "336670698191",
            "name": "alb-controller-role"
          },
          "private": "bnVsbA==",
          "dependencies": [
            "module.eks_cluster.aws_eks_access_entry.github_role_access",
            "module.eks_cluster.aws_eks_access_entry.user_access",
            "module.eks_cluster.aws_eks_access_policy_association.github_role_admin",
            "module.eks_cluster.aws_eks_access_policy_association.user_admin",
            "module.eks_cluster.aws_eks_cluster.eks_priv_endpoint",
            "module.eks_cluster.aws_iam_role.role_eks",
            "module.eks_cluster.aws_iam_role_policy_attachment.cluster_policy",
            "module.network.aws_subnet.priv_sub",
            "module.network.aws_vpc.vpc_data_panel",
            "module.oidc_eks.aws_iam_openid_connect_provider.eks",
            "module.oidc_eks.data.tls_certificate.eks_oidc",
            "module.workers_node.aws_iam_role.nodes_gr"
          ]
        }
      ]
    },
    {
      "module": "module.oidc_eks",
      "mode": "managed",
      "type": "aws_iam_role_policy_attachment",
      "name": "attach",
      "provider": "provider[\"registry.terraform.io/hashicorp/aws\"]",
      "instances": [
        {
          "schema_version": 0,
          "attributes": {
            "id": "alb-controller-role/arn:aws:iam::336670698191:policy/AWSLoadBalancerControllerIAMPolicy",
            "policy_arn": "arn:aws:iam::336670698191:policy/AWSLoadBalancerControllerIAMPolicy",
            "role": "alb-controller-role"
          },
          "sensitive_attributes": [],
          "identity_schema_version": 0,
          "identity": {
            "account_id": "336670698191",
            "policy_arn": "arn:aws:iam::336670698191:policy/AWSLoadBalancerControllerIAMPolicy",
            "role": "alb-controller-role"
          },
          "private": "bnVsbA==",
          "dependencies": [
            "module.eks_cluster.aws_eks_access_entry.github_role_access",
            "module.eks_cluster.aws_eks_access_entry.user_access",
            "module.eks_cluster.aws_eks_access_policy_association.github_role_admin",
            "module.eks_cluster.aws_eks_access_policy_association.user_admin",
            "module.eks_cluster.aws_eks_cluster.eks_priv_endpoint",
            "module.eks_cluster.aws_iam_role.role_eks",
            "module.eks_cluster.aws_iam_role_policy_attachment.cluster_policy",
            "module.network.aws_subnet.priv_sub",
            "module.network.aws_vpc.vpc_data_panel",
            "module.oidc_eks.aws_iam_openid_connect_provider.eks",
            "module.oidc_eks.aws_iam_policy.lbc",
            "module.oidc_eks.aws_iam_role.alb_controller",
            "module.oidc_eks.data.tls_certificate.eks_oidc",
            "module.workers_node.aws_iam_role.nodes_gr"
          ]
        }
      ]
    },
    {
      "module": "module.policy",
      "mode": "managed",
      "type": "aws_iam_openid_connect_provider",
      "name": "git_hub",
      "provider": "provider[\"registry.terraform.io/hashicorp/aws\"]",
      "instances": [
        {
          "schema_version": 0,
          "attributes": {
            "arn": "arn:aws:iam::336670698191:oidc-provider/token.actions.githubusercontent.com",
            "client_id_list": [
              "sts.amazonaws.com"
            ],
            "id": "arn:aws:iam::336670698191:oidc-provider/token.actions.githubusercontent.com",
            "tags": {},
            "tags_all": {},
            "thumbprint_list": [
              "6938fd4d98bab03faadb97b34396831e3780aea1"
            ],
            "url": "token.actions.githubusercontent.com"
          },
          "sensitive_attributes": [],
          "identity_schema_version": 0,
          "identity": {
            "arn": "arn:aws:iam::336670698191:oidc-provider/token.actions.githubusercontent.com"
          },
          "private": "bnVsbA=="
        }
      ]
    },
    {
      "module": "module.policy",
      "mode": "managed",
      "type": "aws_iam_policy",
      "name": "deploy_policy",
      "provider": "provider[\"registry.terraform.io/hashicorp/aws\"]",
      "instances": [
        {
          "schema_version": 0,
          "attributes": {
            "arn": "arn:aws:iam::336670698191:policy/github-deploy-policy",
            "attachment_count": 1,
            "delay_after_policy_creation_in_ms": null,
            "description": "Minimal CI/CD policy for Kubernetes deploy",
            "id": "arn:aws:iam::336670698191:policy/github-deploy-policy",
            "name": "github-deploy-policy",
            "name_prefix": "",
            "path": "/",
            "policy": "{\"Statement\":[{\"Action\":[\"ecr:GetAuthorizationToken\",\"ecr:BatchCheckLayerAvailability\",\"ecr:BatchGetImage\",\"ecr:CompleteLayerUpload\",\"ecr:GetDownloadUrlForLayer\",\"ecr:InitiateLayerUpload\",\"ecr:PutImage\",\"ecr:UploadLayerPart\"],\"Effect\":\"Allow\",\"Resource\":\"*\"},{\"Action\":[\"eks:DescribeCluster\",\"eks:ListClusters\"],\"Effect\":\"Allow\",\"Resource\":\"*\"},{\"Action\":[\"cloudfront:CreateInvalidation\",\"cloudfront:GetDistribution\",\"cloudfront:GetDistributionConfig\"],\"Effect\":\"Allow\",\"Resource\":\"*\"}],\"Version\":\"2012-10-17\"}",
            "policy_id": "ANPAU4YZDFLHT65J73PI2",
            "tags": {},
            "tags_all": {}
          },
          "sensitive_attributes": [],
          "identity_schema_version": 0,
          "identity": {
            "arn": "arn:aws:iam::336670698191:policy/github-deploy-policy"
          },
          "private": "bnVsbA=="
        }
      ]
    },
    {
      "module": "module.policy",
      "mode": "managed",
      "type": "aws_iam_policy",
      "name": "terraform_full_access",
      "provider": "provider[\"registry.terraform.io/hashicorp/aws\"]",
      "instances": [
        {
          "schema_version": 0,
          "attributes": {
            "arn": "arn:aws:iam::336670698191:policy/terraform-full-access-policy",
            "attachment_count": 1,
            "delay_after_policy_creation_in_ms": null,
            "description": "Temporary wide policy for Terraform CI until hardened",
            "id": "arn:aws:iam::336670698191:policy/terraform-full-access-policy",
            "name": "terraform-full-access-policy",
            "name_prefix": "",
            "path": "/",
            "policy": "{\"Statement\":[{\"Action\":\"*\",\"Effect\":\"Allow\",\"Resource\":\"*\"}],\"Version\":\"2012-10-17\"}",
            "policy_id": "ANPAU4YZDFLH4S3BENVMF",
            "tags": {},
            "tags_all": {}
          },
          "sensitive_attributes": [],
          "identity_schema_version": 0,
          "identity": {
            "arn": "arn:aws:iam::336670698191:policy/terraform-full-access-policy"
          },
          "private": "bnVsbA=="
        }
      ]
    },
    {
      "module": "module.policy",
      "mode": "managed",
      "type": "aws_iam_role",
      "name": "github_deploy",
      "provider": "provider[\"registry.terraform.io/hashicorp/aws\"]",
      "instances": [
        {
          "schema_version": 0,
          "attributes": {
            "arn": "arn:aws:iam::336670698191:role/github-deploy-role",
            "assume_role_policy": "{\"Statement\":[{\"Action\":\"sts:AssumeRoleWithWebIdentity\",\"Condition\":{\"StringEquals\":{\"token.actions.githubusercontent.com:sub\":\"repo:sana6667/socialNetwork:ref:refs/heads/main\"}},\"Effect\":\"Allow\",\"Principal\":{\"Federated\":\"arn:aws:iam::336670698191:oidc-provider/token.actions.githubusercontent.com\"}}],\"Version\":\"2012-10-17\"}",
            "create_date": "2026-03-02T14:56:57Z",
            "description": "",
            "force_detach_policies": false,
            "id": "github-deploy-role",
            "inline_policy": [],
            "managed_policy_arns": [
              "arn:aws:iam::336670698191:policy/github-deploy-policy"
            ],
            "max_session_duration": 3600,
            "name": "github-deploy-role",
            "name_prefix": "",
            "path": "/",
            "permissions_boundary": "",
            "tags": {},
            "tags_all": {},
            "unique_id": "AROAU4YZDFLH3YR4JHOUX"
          },
          "sensitive_attributes": [],
          "identity_schema_version": 0,
          "identity": {
            "account_id": "336670698191",
            "name": "github-deploy-role"
          },
          "private": "bnVsbA==",
          "dependencies": [
            "module.policy.aws_iam_openid_connect_provider.git_hub"
          ]
        }
      ]
    },
    {
      "module": "module.policy",
      "mode": "managed",
      "type": "aws_iam_role",
      "name": "github_terraform",
      "provider": "provider[\"registry.terraform.io/hashicorp/aws\"]",
      "instances": [
        {
          "schema_version": 0,
          "attributes": {
            "arn": "arn:aws:iam::336670698191:role/github-terraform-role",
            "assume_role_policy": "{\"Statement\":[{\"Action\":\"sts:AssumeRoleWithWebIdentity\",\"Condition\":{\"StringEquals\":{\"token.actions.githubusercontent.com:sub\":\"repo:sana6667/socialNetwork:ref:refs/heads/main\"}},\"Effect\":\"Allow\",\"Principal\":{\"Federated\":\"arn:aws:iam::336670698191:oidc-provider/token.actions.githubusercontent.com\"}}],\"Version\":\"2012-10-17\"}",
            "create_date": "2026-03-02T14:56:57Z",
            "description": "",
            "force_detach_policies": false,
            "id": "github-terraform-role",
            "inline_policy": [],
            "managed_policy_arns": [
              "arn:aws:iam::336670698191:policy/terraform-full-access-policy"
            ],
            "max_session_duration": 3600,
            "name": "github-terraform-role",
            "name_prefix": "",
            "path": "/",
            "permissions_boundary": "",
            "tags": {},
            "tags_all": {},
            "unique_id": "AROAU4YZDFLH7KG5ULOKH"
          },
          "sensitive_attributes": [],
          "identity_schema_version": 0,
          "identity": {
            "account_id": "336670698191",
            "name": "github-terraform-role"
          },
          "private": "bnVsbA==",
          "dependencies": [
            "module.policy.aws_iam_openid_connect_provider.git_hub"
          ]
        }
      ]
    },
    {
      "module": "module.policy",
      "mode": "managed",
      "type": "aws_iam_role_policy_attachment",
      "name": "deploy_attach",
      "provider": "provider[\"registry.terraform.io/hashicorp/aws\"]",
      "instances": [
        {
          "schema_version": 0,
          "attributes": {
            "id": "github-deploy-role/arn:aws:iam::336670698191:policy/github-deploy-policy",
            "policy_arn": "arn:aws:iam::336670698191:policy/github-deploy-policy",
            "role": "github-deploy-role"
          },
          "sensitive_attributes": [],
          "identity_schema_version": 0,
          "identity": {
            "account_id": "336670698191",
            "policy_arn": "arn:aws:iam::336670698191:policy/github-deploy-policy",
            "role": "github-deploy-role"
          },
          "private": "bnVsbA==",
          "dependencies": [
            "module.policy.aws_iam_openid_connect_provider.git_hub",
            "module.policy.aws_iam_policy.deploy_policy",
            "module.policy.aws_iam_role.github_deploy"
          ]
        }
      ]
    },
    {
      "module": "module.policy",
      "mode": "managed",
      "type": "aws_iam_role_policy_attachment",
      "name": "terraform_attach",
      "provider": "provider[\"registry.terraform.io/hashicorp/aws\"]",
      "instances": [
        {
          "schema_version": 0,
          "attributes": {
            "id": "github-terraform-role/arn:aws:iam::336670698191:policy/terraform-full-access-policy",
            "policy_arn": "arn:aws:iam::336670698191:policy/terraform-full-access-policy",
            "role": "github-terraform-role"
          },
          "sensitive_attributes": [],
          "identity_schema_version": 0,
          "identity": {
            "account_id": "336670698191",
            "policy_arn": "arn:aws:iam::336670698191:policy/terraform-full-access-policy",
            "role": "github-terraform-role"
          },
          "private": "bnVsbA==",
          "dependencies": [
            "module.policy.aws_iam_openid_connect_provider.git_hub",
            "module.policy.aws_iam_policy.terraform_full_access",
            "module.policy.aws_iam_role.github_terraform"
          ]
        }
      ]
    },
    {
      "module": "module.rds",
      "mode": "managed",
      "type": "aws_db_instance",
      "name": "rds",
      "provider": "provider[\"registry.terraform.io/hashicorp/aws\"]",
      "instances": [
        {
          "schema_version": 2,
          "attributes": {
            "address": "my-mysql.c8d2sk44gz24.us-east-1.rds.amazonaws.com",
            "allocated_storage": 20,
            "allow_major_version_upgrade": null,
            "apply_immediately": false,
            "arn": "arn:aws:rds:us-east-1:336670698191:db:my-mysql",
            "auto_minor_version_upgrade": true,
            "availability_zone": "us-east-1a",
            "backup_retention_period": 0,
            "backup_target": "region",
            "backup_window": "06:10-06:40",
            "blue_green_update": [],
            "ca_cert_identifier": "rds-ca-rsa2048-g1",
            "character_set_name": "SQL_Latin1_General_CP1_CI_AS",
            "copy_tags_to_snapshot": false,
            "custom_iam_instance_profile": "",
            "customer_owned_ip_enabled": false,
            "database_insights_mode": "standard",
            "db_name": "",
            "db_subnet_group_name": "dg-sg",
            "dedicated_log_volume": false,
            "delete_automated_backups": true,
            "deletion_protection": false,
            "domain": "",
            "domain_auth_secret_arn": "",
            "domain_dns_ips": [],
            "domain_fqdn": "",
            "domain_iam_role_name": "",
            "domain_ou": "",
            "enabled_cloudwatch_logs_exports": [],
            "endpoint": "my-mysql.c8d2sk44gz24.us-east-1.rds.amazonaws.com:1433",
            "engine": "sqlserver-ex",
            "engine_lifecycle_support": "",
            "engine_version": "15.00.4236.7.v1",
            "engine_version_actual": "15.00.4236.7.v1",
            "final_snapshot_identifier": null,
            "hosted_zone_id": "Z2R2ITUGPM61AM",
            "iam_database_authentication_enabled": false,
            "id": "db-TNFMOARCA7JWSFTNOSJPGXOK7M",
            "identifier": "my-mysql",
            "identifier_prefix": "",
            "instance_class": "db.t3.micro",
            "iops": 0,
            "kms_key_id": "",
            "latest_restorable_time": "",
            "license_model": "license-included",
            "listener_endpoint": [],
            "maintenance_window": "mon:04:39-mon:05:09",
            "manage_master_user_password": null,
            "master_user_secret": [],
            "master_user_secret_kms_key_id": null,
            "max_allocated_storage": 20,
            "monitoring_interval": 0,
            "monitoring_role_arn": "",
            "multi_az": false,
            "nchar_character_set_name": "",
            "network_type": "IPV4",
            "option_group_name": "default:sqlserver-ex-15-00",
            "parameter_group_name": "default.sqlserver-ex-15.0",
            "password": "7bKtHqfhlzNLM304WeK1",
            "password_wo": null,
            "password_wo_version": null,
            "performance_insights_enabled": false,
            "performance_insights_kms_key_id": "",
            "performance_insights_retention_period": 0,
            "port": 1433,
            "publicly_accessible": false,
            "region": "us-east-1",
            "replica_mode": "",
            "replicas": [],
            "replicate_source_db": "",
            "resource_id": "db-TNFMOARCA7JWSFTNOSJPGXOK7M",
            "restore_to_point_in_time": [],
            "s3_import": [],
            "skip_final_snapshot": true,
            "snapshot_identifier": null,
            "status": "available",
            "storage_encrypted": false,
            "storage_throughput": 0,
            "storage_type": "gp2",
            "tags": {},
            "tags_all": {},
            "timeouts": null,
            "timezone": "",
            "upgrade_rollout_order": "second",
            "upgrade_storage_config": null,
            "username": "admin",
            "vpc_security_group_ids": [
              "sg-000076f232444bb6f"
            ]
          },
          "sensitive_attributes": [
            [
              {
                "type": "get_attr",
                "value": "password"
              }
            ],
            [
              {
                "type": "get_attr",
                "value": "password_wo"
              }
            ]
          ],
          "identity_schema_version": 0,
          "private": "eyJlMmJmYjczMC1lY2FhLTExZTYtOGY4OC0zNDM2M2JjN2M0YzAiOnsiY3JlYXRlIjozMDAwMDAwMDAwMDAwLCJkZWxldGUiOjM2MDAwMDAwMDAwMDAsInVwZGF0ZSI6NDgwMDAwMDAwMDAwMH0sInNjaGVtYV92ZXJzaW9uIjoiMiJ9",
          "dependencies": [
            "module.network.aws_subnet.priv_sub",
            "module.network.aws_vpc.vpc_data_panel",
            "module.rds.aws_db_subnet_group.db_sg",
            "module.rds.aws_security_group.db_sg"
          ]
        }
      ]
    },
    {
      "module": "module.rds",
      "mode": "managed",
      "type": "aws_db_subnet_group",
      "name": "db_sg",
      "provider": "provider[\"registry.terraform.io/hashicorp/aws\"]",
      "instances": [
        {
          "schema_version": 0,
          "attributes": {
            "arn": "arn:aws:rds:us-east-1:336670698191:subgrp:dg-sg",
            "description": "db subnet subnet group",
            "id": "dg-sg",
            "name": "dg-sg",
            "name_prefix": "",
            "region": "us-east-1",
            "subnet_ids": [
              "subnet-08d4ae4ac25526fc0",
              "subnet-0dd5575dbb9fccf89"
            ],
            "supported_network_types": [
              "IPV4"
            ],
            "tags": {},
            "tags_all": {},
            "vpc_id": "vpc-0e7ba37d6b435c7a4"
          },
          "sensitive_attributes": [],
          "identity_schema_version": 0,
          "private": "bnVsbA==",
          "dependencies": [
            "module.network.aws_subnet.priv_sub",
            "module.network.aws_vpc.vpc_data_panel"
          ]
        }
      ]
    },
    {
      "module": "module.rds",
      "mode": "managed",
      "type": "aws_security_group",
      "name": "db_sg",
      "provider": "provider[\"registry.terraform.io/hashicorp/aws\"]",
      "instances": [
        {
          "schema_version": 1,
          "attributes": {
            "arn": "arn:aws:ec2:us-east-1:336670698191:security-group/sg-000076f232444bb6f",
            "description": "Managed by Terraform",
            "egress": [
              {
                "cidr_blocks": [
                  "0.0.0.0/0"
                ],
                "description": "",
                "from_port": 0,
                "ipv6_cidr_blocks": [],
                "prefix_list_ids": [],
                "protocol": "-1",
                "security_groups": [],
                "self": false,
                "to_port": 0
              }
            ],
            "id": "sg-000076f232444bb6f",
            "ingress": [
              {
                "cidr_blocks": [
                  "0.0.0.0/0"
                ],
                "description": "",
                "from_port": 1433,
                "ipv6_cidr_blocks": [],
                "prefix_list_ids": [],
                "protocol": "tcp",
                "security_groups": [],
                "self": false,
                "to_port": 1433
              }
            ],
            "name": "db-mysql-sg",
            "name_prefix": "",
            "owner_id": "336670698191",
            "region": "us-east-1",
            "revoke_rules_on_delete": false,
            "tags": {},
            "tags_all": {},
            "timeouts": null,
            "vpc_id": "vpc-0e7ba37d6b435c7a4"
          },
          "sensitive_attributes": [],
          "identity_schema_version": 0,
          "identity": {
            "account_id": "336670698191",
            "id": "sg-000076f232444bb6f",
            "region": "us-east-1"
          },
          "private": "eyJlMmJmYjczMC1lY2FhLTExZTYtOGY4OC0zNDM2M2JjN2M0YzAiOnsiY3JlYXRlIjo2MDAwMDAwMDAwMDAsImRlbGV0ZSI6OTAwMDAwMDAwMDAwfSwic2NoZW1hX3ZlcnNpb24iOiIxIn0=",
          "dependencies": [
            "module.network.aws_subnet.priv_sub",
            "module.network.aws_vpc.vpc_data_panel"
          ]
        }
      ]
    },
    {
      "module": "module.s3_cdn",
      "mode": "managed",
      "type": "aws_s3_bucket",
      "name": "s3_cdn",
      "provider": "provider[\"registry.terraform.io/hashicorp/aws\"]",
      "instances": [
        {
          "schema_version": 0,
          "attributes": {
            "acceleration_status": "",
            "acl": null,
            "arn": "arn:aws:s3:::s3-cdn-sana",
            "bucket": "s3-cdn-sana",
            "bucket_domain_name": "s3-cdn-sana.s3.amazonaws.com",
            "bucket_prefix": "",
            "bucket_region": "us-east-1",
            "bucket_regional_domain_name": "s3-cdn-sana.s3.us-east-1.amazonaws.com",
            "cors_rule": [],
            "force_destroy": false,
            "grant": [
              {
                "id": "c1d903c4413065557004e6046a654b57497dce24bff4f294ee44783cd3304ce5",
                "permissions": [
                  "FULL_CONTROL"
                ],
                "type": "CanonicalUser",
                "uri": ""
              }
            ],
            "hosted_zone_id": "Z3AQBSTGFYJSTF",
            "id": "s3-cdn-sana",
            "lifecycle_rule": [],
            "logging": [],
            "object_lock_configuration": [],
            "object_lock_enabled": false,
            "policy": "{\"Statement\":[{\"Action\":\"s3:GetObject\",\"Condition\":{\"StringEquals\":{\"AWS:SourceArn\":\"arn:aws:cloudfront::336670698191:distribution/E2X8O8S3O12F0O\"}},\"Effect\":\"Allow\",\"Principal\":{\"Service\":\"cloudfront.amazonaws.com\"},\"Resource\":\"arn:aws:s3:::s3-cdn-sana/*\",\"Sid\":\"AllowCloudFrontOAC\"}],\"Version\":\"2012-10-17\"}",
            "region": "us-east-1",
            "replication_configuration": [],
            "request_payer": "BucketOwner",
            "server_side_encryption_configuration": [
              {
                "rule": [
                  {
                    "apply_server_side_encryption_by_default": [
                      {
                        "kms_master_key_id": "",
                        "sse_algorithm": "AES256"
                      }
                    ],
                    "bucket_key_enabled": false
                  }
                ]
              }
            ],
            "tags": {
              "name": "s3-cdn"
            },
            "tags_all": {
              "name": "s3-cdn"
            },
            "timeouts": null,
            "versioning": [
              {
                "enabled": true,
                "mfa_delete": false
              }
            ],
            "website": [],
            "website_domain": null,
            "website_endpoint": null
          },
          "sensitive_attributes": [],
          "identity_schema_version": 0,
          "identity": {
            "account_id": "336670698191",
            "bucket": "s3-cdn-sana",
            "region": "us-east-1"
          },
          "private": "eyJlMmJmYjczMC1lY2FhLTExZTYtOGY4OC0zNDM2M2JjN2M0YzAiOnsiY3JlYXRlIjoxMjAwMDAwMDAwMDAwLCJkZWxldGUiOjM2MDAwMDAwMDAwMDAsInJlYWQiOjEyMDAwMDAwMDAwMDAsInVwZGF0ZSI6MTIwMDAwMDAwMDAwMH19"
        }
      ]
    },
    {
      "module": "module.s3_cdn",
      "mode": "managed",
      "type": "aws_s3_bucket_public_access_block",
      "name": "block_s3_cdn",
      "provider": "provider[\"registry.terraform.io/hashicorp/aws\"]",
      "instances": [
        {
          "schema_version": 0,
          "attributes": {
            "block_public_acls": true,
            "block_public_policy": true,
            "bucket": "s3-cdn-sana",
            "id": "s3-cdn-sana",
            "ignore_public_acls": true,
            "region": "us-east-1",
            "restrict_public_buckets": true,
            "skip_destroy": null
          },
          "sensitive_attributes": [],
          "identity_schema_version": 0,
          "identity": {
            "account_id": "336670698191",
            "bucket": "s3-cdn-sana",
            "region": "us-east-1"
          },
          "private": "bnVsbA==",
          "dependencies": [
            "module.s3_cdn.aws_s3_bucket.s3_cdn"
          ]
        }
      ]
    },
    {
      "module": "module.s3_cdn",
      "mode": "managed",
      "type": "aws_s3_bucket_server_side_encryption_configuration",
      "name": "cdn_encrypt",
      "provider": "provider[\"registry.terraform.io/hashicorp/aws\"]",
      "instances": [
        {
          "schema_version": 0,
          "attributes": {
            "bucket": "s3-cdn-sana",
            "expected_bucket_owner": "",
            "id": "s3-cdn-sana",
            "region": "us-east-1",
            "rule": [
              {
                "apply_server_side_encryption_by_default": [
                  {
                    "kms_master_key_id": "",
                    "sse_algorithm": "AES256"
                  }
                ],
                "blocked_encryption_types": [],
                "bucket_key_enabled": false
              }
            ]
          },
          "sensitive_attributes": [],
          "identity_schema_version": 1,
          "identity": {
            "account_id": "336670698191",
            "bucket": "s3-cdn-sana",
            "region": "us-east-1"
          },
          "private": "bnVsbA==",
          "dependencies": [
            "module.s3_cdn.aws_s3_bucket.s3_cdn"
          ]
        }
      ]
    },
    {
      "module": "module.s3_cdn",
      "mode": "managed",
      "type": "aws_s3_bucket_versioning",
      "name": "cdn_s3_vers",
      "provider": "provider[\"registry.terraform.io/hashicorp/aws\"]",
      "instances": [
        {
          "schema_version": 0,
          "attributes": {
            "bucket": "s3-cdn-sana",
            "expected_bucket_owner": "",
            "id": "s3-cdn-sana",
            "mfa": null,
            "region": "us-east-1",
            "versioning_configuration": [
              {
                "mfa_delete": "",
                "status": "Enabled"
              }
            ]
          },
          "sensitive_attributes": [],
          "identity_schema_version": 1,
          "identity": {
            "account_id": "336670698191",
            "bucket": "s3-cdn-sana",
            "region": "us-east-1"
          },
          "private": "bnVsbA==",
          "dependencies": [
            "module.s3_cdn.aws_s3_bucket.s3_cdn"
          ]
        }
      ]
    },
    {
      "module": "module.terr_state_s3",
      "mode": "managed",
      "type": "aws_dynamodb_table",
      "name": "terraform-s3",
      "provider": "provider[\"registry.terraform.io/hashicorp/aws\"]",
      "instances": [
        {
          "schema_version": 1,
          "attributes": {
            "arn": "arn:aws:dynamodb:us-east-1:336670698191:table/terraform-up-and-running-locks",
            "attribute": [
              {
                "name": "LockID",
                "type": "S"
              }
            ],
            "billing_mode": "PAY_PER_REQUEST",
            "deletion_protection_enabled": false,
            "global_secondary_index": [],
            "global_table_witness": [],
            "hash_key": "LockID",
            "id": "terraform-up-and-running-locks",
            "import_table": [],
            "local_secondary_index": [],
            "name": "terraform-up-and-running-locks",
            "on_demand_throughput": [],
            "point_in_time_recovery": [
              {
                "enabled": false,
                "recovery_period_in_days": 0
              }
            ],
            "range_key": null,
            "read_capacity": 0,
            "region": "us-east-1",
            "replica": [],
            "restore_date_time": null,
            "restore_source_name": null,
            "restore_source_table_arn": null,
            "restore_to_latest_time": null,
            "server_side_encryption": [],
            "stream_arn": "",
            "stream_enabled": false,
            "stream_label": "",
            "stream_view_type": "",
            "table_class": "STANDARD",
            "tags": {},
            "tags_all": {},
            "timeouts": null,
            "ttl": [
              {
                "attribute_name": "",
                "enabled": false
              }
            ],
            "warm_throughput": [],
            "write_capacity": 0
          },
          "sensitive_attributes": [],
          "identity_schema_version": 0,
          "private": "eyJlMmJmYjczMC1lY2FhLTExZTYtOGY4OC0zNDM2M2JjN2M0YzAiOnsiY3JlYXRlIjoxODAwMDAwMDAwMDAwLCJkZWxldGUiOjYwMDAwMDAwMDAwMCwidXBkYXRlIjozNjAwMDAwMDAwMDAwfSwic2NoZW1hX3ZlcnNpb24iOiIxIn0="
        }
      ]
    },
    {
      "module": "module.terr_state_s3",
      "mode": "managed",
      "type": "aws_s3_bucket",
      "name": "my_s3",
      "provider": "provider[\"registry.terraform.io/hashicorp/aws\"]",
      "instances": [
        {
          "schema_version": 0,
          "attributes": {
            "acceleration_status": "",
            "acl": null,
            "arn": "arn:aws:s3:::cdn-buck-sana-556-ss",
            "bucket": "cdn-buck-sana-556-ss",
            "bucket_domain_name": "cdn-buck-sana-556-ss.s3.amazonaws.com",
            "bucket_prefix": "",
            "bucket_region": "us-east-1",
            "bucket_regional_domain_name": "cdn-buck-sana-556-ss.s3.us-east-1.amazonaws.com",
            "cors_rule": [],
            "force_destroy": false,
            "grant": [
              {
                "id": "c1d903c4413065557004e6046a654b57497dce24bff4f294ee44783cd3304ce5",
                "permissions": [
                  "FULL_CONTROL"
                ],
                "type": "CanonicalUser",
                "uri": ""
              }
            ],
            "hosted_zone_id": "Z3AQBSTGFYJSTF",
            "id": "cdn-buck-sana-556-ss",
            "lifecycle_rule": [],
            "logging": [],
            "object_lock_configuration": [],
            "object_lock_enabled": false,
            "policy": "",
            "region": "us-east-1",
            "replication_configuration": [],
            "request_payer": "BucketOwner",
            "server_side_encryption_configuration": [
              {
                "rule": [
                  {
                    "apply_server_side_encryption_by_default": [
                      {
                        "kms_master_key_id": "",
                        "sse_algorithm": "AES256"
                      }
                    ],
                    "bucket_key_enabled": false
                  }
                ]
              }
            ],
            "tags": {
              "name": "back-tf-backent"
            },
            "tags_all": {
              "name": "back-tf-backent"
            },
            "timeouts": null,
            "versioning": [
              {
                "enabled": true,
                "mfa_delete": false
              }
            ],
            "website": [],
            "website_domain": null,
            "website_endpoint": null
          },
          "sensitive_attributes": [],
          "identity_schema_version": 0,
          "identity": {
            "account_id": "336670698191",
            "bucket": "cdn-buck-sana-556-ss",
            "region": "us-east-1"
          },
          "private": "eyJlMmJmYjczMC1lY2FhLTExZTYtOGY4OC0zNDM2M2JjN2M0YzAiOnsiY3JlYXRlIjoxMjAwMDAwMDAwMDAwLCJkZWxldGUiOjM2MDAwMDAwMDAwMDAsInJlYWQiOjEyMDAwMDAwMDAwMDAsInVwZGF0ZSI6MTIwMDAwMDAwMDAwMH19"
        }
      ]
    },
    {
      "module": "module.terr_state_s3",
      "mode": "managed",
      "type": "aws_s3_bucket_public_access_block",
      "name": "pub_block_s3",
      "provider": "provider[\"registry.terraform.io/hashicorp/aws\"]",
      "instances": [
        {
          "schema_version": 0,
          "attributes": {
            "block_public_acls": true,
            "block_public_policy": true,
            "bucket": "cdn-buck-sana-556-ss",
            "id": "cdn-buck-sana-556-ss",
            "ignore_public_acls": true,
            "region": "us-east-1",
            "restrict_public_buckets": true,
            "skip_destroy": null
          },
          "sensitive_attributes": [],
          "identity_schema_version": 0,
          "identity": {
            "account_id": "336670698191",
            "bucket": "cdn-buck-sana-556-ss",
            "region": "us-east-1"
          },
          "private": "bnVsbA==",
          "dependencies": [
            "module.terr_state_s3.aws_s3_bucket.my_s3"
          ]
        }
      ]
    },
    {
      "module": "module.terr_state_s3",
      "mode": "managed",
      "type": "aws_s3_bucket_server_side_encryption_configuration",
      "name": "defaul_encrypt",
      "provider": "provider[\"registry.terraform.io/hashicorp/aws\"]",
      "instances": [
        {
          "schema_version": 0,
          "attributes": {
            "bucket": "cdn-buck-sana-556-ss",
            "expected_bucket_owner": "",
            "id": "cdn-buck-sana-556-ss",
            "region": "us-east-1",
            "rule": [
              {
                "apply_server_side_encryption_by_default": [
                  {
                    "kms_master_key_id": "",
                    "sse_algorithm": "AES256"
                  }
                ],
                "blocked_encryption_types": [],
                "bucket_key_enabled": false
              }
            ]
          },
          "sensitive_attributes": [],
          "identity_schema_version": 1,
          "identity": {
            "account_id": "336670698191",
            "bucket": "cdn-buck-sana-556-ss",
            "region": "us-east-1"
          },
          "private": "bnVsbA==",
          "dependencies": [
            "module.terr_state_s3.aws_s3_bucket.my_s3"
          ]
        }
      ]
    },
    {
      "module": "module.terr_state_s3",
      "mode": "managed",
      "type": "aws_s3_bucket_versioning",
      "name": "enable_verion",
      "provider": "provider[\"registry.terraform.io/hashicorp/aws\"]",
      "instances": [
        {
          "schema_version": 0,
          "attributes": {
            "bucket": "cdn-buck-sana-556-ss",
            "expected_bucket_owner": "",
            "id": "cdn-buck-sana-556-ss",
            "mfa": null,
            "region": "us-east-1",
            "versioning_configuration": [
              {
                "mfa_delete": "",
                "status": "Enabled"
              }
            ]
          },
          "sensitive_attributes": [],
          "identity_schema_version": 1,
          "identity": {
            "account_id": "336670698191",
            "bucket": "cdn-buck-sana-556-ss",
            "region": "us-east-1"
          },
          "private": "bnVsbA==",
          "dependencies": [
            "module.terr_state_s3.aws_s3_bucket.my_s3"
          ]
        }
      ]
    },
    {
      "module": "module.workers_node",
      "mode": "managed",
      "type": "aws_eks_node_group",
      "name": "node_gr",
      "provider": "provider[\"registry.terraform.io/hashicorp/aws\"]",
      "instances": [
        {
          "schema_version": 0,
          "attributes": {
            "ami_type": "AL2023_x86_64_STANDARD",
            "arn": "arn:aws:eks:us-east-1:336670698191:nodegroup/priv-cluster-eks/prod-node-gr/98ce578b-e88b-6e4c-473c-491c33f76974",
            "capacity_type": "ON_DEMAND",
            "cluster_name": "priv-cluster-eks",
            "disk_size": 20,
            "force_update_version": null,
            "id": "priv-cluster-eks:prod-node-gr",
            "instance_types": [
              "m7i-flex.large"
            ],
            "labels": {
              "name": "nodes"
            },
            "launch_template": [],
            "node_group_name": "prod-node-gr",
            "node_group_name_prefix": "",
            "node_repair_config": [],
            "node_role_arn": "arn:aws:iam::336670698191:role/eks-node-role",
            "region": "us-east-1",
            "release_version": "1.31.14-20260224",
            "remote_access": [],
            "resources": [
              {
                "autoscaling_groups": [
                  {
                    "name": "eks-prod-node-gr-98ce578b-e88b-6e4c-473c-491c33f76974"
                  }
                ],
                "remote_access_security_group_id": ""
              }
            ],
            "scaling_config": [
              {
                "desired_size": 1,
                "max_size": 2,
                "min_size": 1
              }
            ],
            "status": "ACTIVE",
            "subnet_ids": [
              "subnet-08d4ae4ac25526fc0",
              "subnet-0dd5575dbb9fccf89"
            ],
            "tags": {},
            "tags_all": {},
            "taint": [],
            "timeouts": null,
            "update_config": [
              {
                "max_unavailable": 1,
                "max_unavailable_percentage": 0,
                "update_strategy": ""
              }
            ],
            "version": "1.31"
          },
          "sensitive_attributes": [],
          "identity_schema_version": 0,
          "private": "eyJlMmJmYjczMC1lY2FhLTExZTYtOGY4OC0zNDM2M2JjN2M0YzAiOnsiY3JlYXRlIjozNjAwMDAwMDAwMDAwLCJkZWxldGUiOjM2MDAwMDAwMDAwMDAsInVwZGF0ZSI6MzYwMDAwMDAwMDAwMH19",
          "dependencies": [
            "module.eks_cluster.aws_eks_cluster.eks_priv_endpoint",
            "module.eks_cluster.aws_iam_role.role_eks",
            "module.eks_cluster.aws_iam_role_policy_attachment.cluster_policy",
            "module.network.aws_subnet.priv_sub",
            "module.network.aws_vpc.vpc_data_panel",
            "module.workers_node.aws_iam_role.nodes_gr",
            "module.workers_node.aws_iam_role_policy_attachment.amazon_ec2_container_registry_read_only",
            "module.workers_node.aws_iam_role_policy_attachment.amazon_eks_cni_policy",
            "module.workers_node.aws_iam_role_policy_attachment.amazon_eks_worker_node_policy",
            "module.workers_node.aws_iam_role_policy_attachment.amazon_ssm_managed_instance_core"
          ]
        }
      ]
    },
    {
      "module": "module.workers_node",
      "mode": "managed",
      "type": "aws_iam_role",
      "name": "nodes_gr",
      "provider": "provider[\"registry.terraform.io/hashicorp/aws\"]",
      "instances": [
        {
          "schema_version": 0,
          "attributes": {
            "arn": "arn:aws:iam::336670698191:role/eks-node-role",
            "assume_role_policy": "{\"Statement\":[{\"Action\":\"sts:AssumeRole\",\"Effect\":\"Allow\",\"Principal\":{\"Service\":\"ec2.amazonaws.com\"}}],\"Version\":\"2012-10-17\"}",
            "create_date": "2026-03-02T14:56:56Z",
            "description": "",
            "force_detach_policies": false,
            "id": "eks-node-role",
            "inline_policy": [],
            "managed_policy_arns": [
              "arn:aws:iam::aws:policy/AmazonEC2ContainerRegistryReadOnly",
              "arn:aws:iam::aws:policy/AmazonEKSWorkerNodePolicy",
              "arn:aws:iam::aws:policy/AmazonEKS_CNI_Policy",
              "arn:aws:iam::aws:policy/AmazonSSMManagedInstanceCore"
            ],
            "max_session_duration": 3600,
            "name": "eks-node-role",
            "name_prefix": "",
            "path": "/",
            "permissions_boundary": "",
            "tags": {},
            "tags_all": {},
            "unique_id": "AROAU4YZDFLHW26P3CLMX"
          },
          "sensitive_attributes": [],
          "identity_schema_version": 0,
          "identity": {
            "account_id": "336670698191",
            "name": "eks-node-role"
          },
          "private": "bnVsbA=="
        }
      ]
    },
    {
      "module": "module.workers_node",
      "mode": "managed",
      "type": "aws_iam_role_policy_attachment",
      "name": "amazon_ec2_container_registry_read_only",
      "provider": "provider[\"registry.terraform.io/hashicorp/aws\"]",
      "instances": [
        {
          "schema_version": 0,
          "attributes": {
            "id": "eks-node-role/arn:aws:iam::aws:policy/AmazonEC2ContainerRegistryReadOnly",
            "policy_arn": "arn:aws:iam::aws:policy/AmazonEC2ContainerRegistryReadOnly",
            "role": "eks-node-role"
          },
          "sensitive_attributes": [],
          "identity_schema_version": 0,
          "identity": {
            "account_id": "336670698191",
            "policy_arn": "arn:aws:iam::aws:policy/AmazonEC2ContainerRegistryReadOnly",
            "role": "eks-node-role"
          },
          "private": "bnVsbA==",
          "dependencies": [
            "module.workers_node.aws_iam_role.nodes_gr"
          ]
        }
      ]
    },
    {
      "module": "module.workers_node",
      "mode": "managed",
      "type": "aws_iam_role_policy_attachment",
      "name": "amazon_eks_cni_policy",
      "provider": "provider[\"registry.terraform.io/hashicorp/aws\"]",
      "instances": [
        {
          "schema_version": 0,
          "attributes": {
            "id": "eks-node-role/arn:aws:iam::aws:policy/AmazonEKS_CNI_Policy",
            "policy_arn": "arn:aws:iam::aws:policy/AmazonEKS_CNI_Policy",
            "role": "eks-node-role"
          },
          "sensitive_attributes": [],
          "identity_schema_version": 0,
          "identity": {
            "account_id": "336670698191",
            "policy_arn": "arn:aws:iam::aws:policy/AmazonEKS_CNI_Policy",
            "role": "eks-node-role"
          },
          "private": "bnVsbA==",
          "dependencies": [
            "module.workers_node.aws_iam_role.nodes_gr"
          ]
        }
      ]
    },
    {
      "module": "module.workers_node",
      "mode": "managed",
      "type": "aws_iam_role_policy_attachment",
      "name": "amazon_eks_worker_node_policy",
      "provider": "provider[\"registry.terraform.io/hashicorp/aws\"]",
      "instances": [
        {
          "schema_version": 0,
          "attributes": {
            "id": "eks-node-role/arn:aws:iam::aws:policy/AmazonEKSWorkerNodePolicy",
            "policy_arn": "arn:aws:iam::aws:policy/AmazonEKSWorkerNodePolicy",
            "role": "eks-node-role"
          },
          "sensitive_attributes": [],
          "identity_schema_version": 0,
          "identity": {
            "account_id": "336670698191",
            "policy_arn": "arn:aws:iam::aws:policy/AmazonEKSWorkerNodePolicy",
            "role": "eks-node-role"
          },
          "private": "bnVsbA==",
          "dependencies": [
            "module.workers_node.aws_iam_role.nodes_gr"
          ]
        }
      ]
    },
    {
      "module": "module.workers_node",
      "mode": "managed",
      "type": "aws_iam_role_policy_attachment",
      "name": "amazon_ssm_managed_instance_core",
      "provider": "provider[\"registry.terraform.io/hashicorp/aws\"]",
      "instances": [
        {
          "schema_version": 0,
          "attributes": {
            "id": "eks-node-role/arn:aws:iam::aws:policy/AmazonSSMManagedInstanceCore",
            "policy_arn": "arn:aws:iam::aws:policy/AmazonSSMManagedInstanceCore",
            "role": "eks-node-role"
          },
          "sensitive_attributes": [],
          "identity_schema_version": 0,
          "identity": {
            "account_id": "336670698191",
            "policy_arn": "arn:aws:iam::aws:policy/AmazonSSMManagedInstanceCore",
            "role": "eks-node-role"
          },
          "private": "bnVsbA==",
          "dependencies": [
            "module.workers_node.aws_iam_role.nodes_gr"
          ]
        }
      ]
    }
  ],
  "check_results": null
}
